// !$*UTF8*$!
{
	archiveVersion = 1;
	classes = {
	};
	objectVersion = 52;
	objects = {

/* Begin PBXBuildFile section */
		B40BA17925E4677D00EECB06 /* AlamofireAdapter.swift in Sources */ = {isa = PBXBuildFile; fileRef = B40BA17825E4677D00EECB06 /* AlamofireAdapter.swift */; };
		B40BA18125E467FD00EECB06 /* AlamofireAdapter.swift in Sources */ = {isa = PBXBuildFile; fileRef = B40BA17825E4677D00EECB06 /* AlamofireAdapter.swift */; };
		B40BA18625E4687500EECB06 /* URLProtocolStub.swift in Sources */ = {isa = PBXBuildFile; fileRef = B40BA18525E4687500EECB06 /* URLProtocolStub.swift */; };
		B40BA19425E4721200EECB06 /* AddAccountIntegrationTests.swift in Sources */ = {isa = PBXBuildFile; fileRef = B40BA19325E4721200EECB06 /* AddAccountIntegrationTests.swift */; };
		B40BA19625E4721200EECB06 /* Domain.framework in Frameworks */ = {isa = PBXBuildFile; fileRef = B4FC3276250DED0200C725A8 /* Domain.framework */; };
		B41ECA7D261B9C3300348DD3 /* Domain.framework in Frameworks */ = {isa = PBXBuildFile; fileRef = B4FC3276250DED0200C725A8 /* Domain.framework */; };
		B41ECA7E261B9C3300348DD3 /* Domain.framework in Embed Frameworks */ = {isa = PBXBuildFile; fileRef = B4FC3276250DED0200C725A8 /* Domain.framework */; settings = {ATTRIBUTES = (CodeSignOnCopy, RemoveHeadersOnCopy, ); }; };
		B41ECA95261B9EAA00348DD3 /* UI.framework in Frameworks */ = {isa = PBXBuildFile; fileRef = B41ECA8C261B9EAA00348DD3 /* UI.framework */; };
		B41ECA9A261B9EAA00348DD3 /* SignUpViewControllerTests.swift in Sources */ = {isa = PBXBuildFile; fileRef = B41ECA99261B9EAA00348DD3 /* SignUpViewControllerTests.swift */; };
		B41ECB23261BBDEA00348DD3 /* SignUp.storyboard in Resources */ = {isa = PBXBuildFile; fileRef = B41ECB22261BBDEA00348DD3 /* SignUp.storyboard */; };
		B41ECB2C261BBE2600348DD3 /* SignUpViewController.swift in Sources */ = {isa = PBXBuildFile; fileRef = B41ECB2B261BBE2600348DD3 /* SignUpViewController.swift */; };
		B41ECB42261BC03600348DD3 /* Presentation.framework in Frameworks */ = {isa = PBXBuildFile; fileRef = B4FA686A26039CEA00804361 /* Presentation.framework */; };
		B41ECB43261BC03600348DD3 /* Presentation.framework in Embed Frameworks */ = {isa = PBXBuildFile; fileRef = B4FA686A26039CEA00804361 /* Presentation.framework */; settings = {ATTRIBUTES = (CodeSignOnCopy, RemoveHeadersOnCopy, ); }; };
		B41FB03325CB764300C81028 /* DataExtensions.swift in Sources */ = {isa = PBXBuildFile; fileRef = B41FB03225CB764300C81028 /* DataExtensions.swift */; };
		B4777AFF262505F80007367B /* TestExtensions.swift in Sources */ = {isa = PBXBuildFile; fileRef = B4777AFE262505F80007367B /* TestExtensions.swift */; };
		B4A5F80725CCB84A000087EC /* TestExtensions.swift in Sources */ = {isa = PBXBuildFile; fileRef = B4A5F80625CCB84A000087EC /* TestExtensions.swift */; };
		B4A5F80E25CCB91A000087EC /* HttpClientSpy.swift in Sources */ = {isa = PBXBuildFile; fileRef = B4A5F80D25CCB91A000087EC /* HttpClientSpy.swift */; };
		B4A5F81825CCBA1B000087EC /* TestFactories.swift in Sources */ = {isa = PBXBuildFile; fileRef = B4A5F81725CCBA1B000087EC /* TestFactories.swift */; };
		B4A5F81C25CCBA3B000087EC /* AccountModelFactory.swift in Sources */ = {isa = PBXBuildFile; fileRef = B4A5F81B25CCBA3B000087EC /* AccountModelFactory.swift */; };
		B4A5F83125CF2988000087EC /* Infra.framework in Frameworks */ = {isa = PBXBuildFile; fileRef = B4A5F82825CF2988000087EC /* Infra.framework */; };
		B4A5F83625CF2988000087EC /* AlamofireAdapterTest.swift in Sources */ = {isa = PBXBuildFile; fileRef = B4A5F83525CF2988000087EC /* AlamofireAdapterTest.swift */; };
		B4A5F84325CF298E000087EC /* Data.framework in Frameworks */ = {isa = PBXBuildFile; fileRef = B4FC3296250DF03B00C725A8 /* Data.framework */; };
		B4A5F84425CF298E000087EC /* Data.framework in Embed Frameworks */ = {isa = PBXBuildFile; fileRef = B4FC3296250DF03B00C725A8 /* Data.framework */; settings = {ATTRIBUTES = (CodeSignOnCopy, RemoveHeadersOnCopy, ); }; };
		B4A5F84825CF299D000087EC /* TestFactories.swift in Sources */ = {isa = PBXBuildFile; fileRef = B4A5F81725CCBA1B000087EC /* TestFactories.swift */; };
		B4A5F85425CF2AA6000087EC /* Alamofire in Frameworks */ = {isa = PBXBuildFile; productRef = B4A5F85325CF2AA6000087EC /* Alamofire */; };
		B4BF0F7F25D5F1820036E842 /* TestExtensions.swift in Sources */ = {isa = PBXBuildFile; fileRef = B4A5F80625CCB84A000087EC /* TestExtensions.swift */; };
		B4D0F703256334AF0071785A /* DomainError.swift in Sources */ = {isa = PBXBuildFile; fileRef = B4D0F702256334AF0071785A /* DomainError.swift */; };
		B4D0F7052563368B0071785A /* HttpError.swift in Sources */ = {isa = PBXBuildFile; fileRef = B4D0F7042563368B0071785A /* HttpError.swift */; };
		B4D81CCD26137C8A00D8E6FE /* LoadingView.swift in Sources */ = {isa = PBXBuildFile; fileRef = B4D81CCC26137C8A00D8E6FE /* LoadingView.swift */; };
		B4D81CD4261505C100D8E6FE /* SignUpViewModel.swift in Sources */ = {isa = PBXBuildFile; fileRef = B4D81CD3261505C100D8E6FE /* SignUpViewModel.swift */; };
		B4D81CDB26150B1400D8E6FE /* SignUpMapper.swift in Sources */ = {isa = PBXBuildFile; fileRef = B4D81CDA26150B1400D8E6FE /* SignUpMapper.swift */; };
		B4D81CF426150C4700D8E6FE /* AlertViewSpy.swift in Sources */ = {isa = PBXBuildFile; fileRef = B4D81CF326150C4700D8E6FE /* AlertViewSpy.swift */; };
		B4D81D0026150C6600D8E6FE /* LoadingView.swift in Sources */ = {isa = PBXBuildFile; fileRef = B4D81CFF26150C6600D8E6FE /* LoadingView.swift */; };
		B4D81D0826150CC300D8E6FE /* AddAccountSpy.swift in Sources */ = {isa = PBXBuildFile; fileRef = B4D81D0726150CC300D8E6FE /* AddAccountSpy.swift */; };
		B4D81D1526150D0300D8E6FE /* EmailValidatorSpy.swift in Sources */ = {isa = PBXBuildFile; fileRef = B4D81D1426150D0300D8E6FE /* EmailValidatorSpy.swift */; };
		B4D81D2226150D4000D8E6FE /* TestFactories.swift in Sources */ = {isa = PBXBuildFile; fileRef = B4D81D2126150D4000D8E6FE /* TestFactories.swift */; };
		B4FA687326039CEA00804361 /* Presentation.framework in Frameworks */ = {isa = PBXBuildFile; fileRef = B4FA686A26039CEA00804361 /* Presentation.framework */; };
		B4FA687826039CEA00804361 /* SignUpPresenterTests.swift in Sources */ = {isa = PBXBuildFile; fileRef = B4FA687726039CEA00804361 /* SignUpPresenterTests.swift */; };
		B4FA68942603AEB700804361 /* SignUpPresenter.swift in Sources */ = {isa = PBXBuildFile; fileRef = B4FA68932603AEB700804361 /* SignUpPresenter.swift */; };
		B4FA68A32603AED900804361 /* AlertView.swift in Sources */ = {isa = PBXBuildFile; fileRef = B4FA68A22603AED900804361 /* AlertView.swift */; };
		B4FA68CB2603B77900804361 /* EmailValidator.swift in Sources */ = {isa = PBXBuildFile; fileRef = B4FA68CA2603B77900804361 /* EmailValidator.swift */; };
		B4FBBC76261265E300E66D8E /* AccountModelFactory.swift in Sources */ = {isa = PBXBuildFile; fileRef = B4A5F81B25CCBA3B000087EC /* AccountModelFactory.swift */; };
		B4FBBC7C2612692000E66D8E /* TestExtensions.swift in Sources */ = {isa = PBXBuildFile; fileRef = B4A5F80625CCB84A000087EC /* TestExtensions.swift */; };
		B4FC3281250DEE2700C725A8 /* AddAccount.swift in Sources */ = {isa = PBXBuildFile; fileRef = B4FC3280250DEE2700C725A8 /* AddAccount.swift */; };
		B4FC3283250DEF7400C725A8 /* AccountModel.swift in Sources */ = {isa = PBXBuildFile; fileRef = B4FC3282250DEF7400C725A8 /* AccountModel.swift */; };
		B4FC329F250DF03C00C725A8 /* Data.framework in Frameworks */ = {isa = PBXBuildFile; fileRef = B4FC3296250DF03B00C725A8 /* Data.framework */; };
		B4FC32A4250DF03C00C725A8 /* RemoteAddAccountTests.swift in Sources */ = {isa = PBXBuildFile; fileRef = B4FC32A3250DF03C00C725A8 /* RemoteAddAccountTests.swift */; };
		B4FC32AE250DF08100C725A8 /* Domain.framework in Frameworks */ = {isa = PBXBuildFile; fileRef = B4FC3276250DED0200C725A8 /* Domain.framework */; };
		B4FC32AF250DF08100C725A8 /* Domain.framework in Embed Frameworks */ = {isa = PBXBuildFile; fileRef = B4FC3276250DED0200C725A8 /* Domain.framework */; settings = {ATTRIBUTES = (CodeSignOnCopy, RemoveHeadersOnCopy, ); }; };
		B4FC32B4250E645C00C725A8 /* RemoteAddAccount.swift in Sources */ = {isa = PBXBuildFile; fileRef = B4FC32B3250E645C00C725A8 /* RemoteAddAccount.swift */; };
		B4FC32B6250E653D00C725A8 /* HttpPostClient.swift in Sources */ = {isa = PBXBuildFile; fileRef = B4FC32B5250E653D00C725A8 /* HttpPostClient.swift */; };
		B4FC32B8250E665B00C725A8 /* Model.swift in Sources */ = {isa = PBXBuildFile; fileRef = B4FC32B7250E665B00C725A8 /* Model.swift */; };
/* End PBXBuildFile section */

/* Begin PBXContainerItemProxy section */
		B40BA19725E4721200EECB06 /* PBXContainerItemProxy */ = {
			isa = PBXContainerItemProxy;
			containerPortal = B4FC325D250DECB100C725A8 /* Project object */;
			proxyType = 1;
			remoteGlobalIDString = B4FC3275250DED0200C725A8;
			remoteInfo = Domain;
		};
		B40BA1A425E4726300EECB06 /* PBXContainerItemProxy */ = {
			isa = PBXContainerItemProxy;
			containerPortal = B4FC325D250DECB100C725A8 /* Project object */;
			proxyType = 1;
			remoteGlobalIDString = B4FC3295250DF03B00C725A8;
			remoteInfo = Data;
		};
		B40BA1A625E4726300EECB06 /* PBXContainerItemProxy */ = {
			isa = PBXContainerItemProxy;
			containerPortal = B4FC325D250DECB100C725A8 /* Project object */;
			proxyType = 1;
			remoteGlobalIDString = B4A5F82725CF2988000087EC;
			remoteInfo = Infra;
		};
		B41ECA7F261B9C3300348DD3 /* PBXContainerItemProxy */ = {
			isa = PBXContainerItemProxy;
			containerPortal = B4FC325D250DECB100C725A8 /* Project object */;
			proxyType = 1;
			remoteGlobalIDString = B4FC3275250DED0200C725A8;
			remoteInfo = Domain;
		};
		B41ECA96261B9EAA00348DD3 /* PBXContainerItemProxy */ = {
			isa = PBXContainerItemProxy;
			containerPortal = B4FC325D250DECB100C725A8 /* Project object */;
			proxyType = 1;
			remoteGlobalIDString = B41ECA8B261B9EAA00348DD3;
			remoteInfo = UI;
		};
		B41ECB44261BC03600348DD3 /* PBXContainerItemProxy */ = {
			isa = PBXContainerItemProxy;
			containerPortal = B4FC325D250DECB100C725A8 /* Project object */;
			proxyType = 1;
			remoteGlobalIDString = B4FA686926039CEA00804361;
			remoteInfo = Presentation;
		};
		B4A5F83225CF2988000087EC /* PBXContainerItemProxy */ = {
			isa = PBXContainerItemProxy;
			containerPortal = B4FC325D250DECB100C725A8 /* Project object */;
			proxyType = 1;
			remoteGlobalIDString = B4A5F82725CF2988000087EC;
			remoteInfo = Infra;
		};
		B4A5F84525CF298E000087EC /* PBXContainerItemProxy */ = {
			isa = PBXContainerItemProxy;
			containerPortal = B4FC325D250DECB100C725A8 /* Project object */;
			proxyType = 1;
			remoteGlobalIDString = B4FC3295250DF03B00C725A8;
			remoteInfo = Data;
		};
		B4FA687426039CEA00804361 /* PBXContainerItemProxy */ = {
			isa = PBXContainerItemProxy;
			containerPortal = B4FC325D250DECB100C725A8 /* Project object */;
			proxyType = 1;
			remoteGlobalIDString = B4FA686926039CEA00804361;
			remoteInfo = Presentation;
		};
		B4FC32A0250DF03C00C725A8 /* PBXContainerItemProxy */ = {
			isa = PBXContainerItemProxy;
			containerPortal = B4FC325D250DECB100C725A8 /* Project object */;
			proxyType = 1;
			remoteGlobalIDString = B4FC3295250DF03B00C725A8;
			remoteInfo = Data;
		};
		B4FC32B0250DF08100C725A8 /* PBXContainerItemProxy */ = {
			isa = PBXContainerItemProxy;
			containerPortal = B4FC325D250DECB100C725A8 /* Project object */;
			proxyType = 1;
			remoteGlobalIDString = B4FC3275250DED0200C725A8;
			remoteInfo = Domain;
		};
/* End PBXContainerItemProxy section */

/* Begin PBXCopyFilesBuildPhase section */
		B41ECA81261B9C3300348DD3 /* Embed Frameworks */ = {
			isa = PBXCopyFilesBuildPhase;
			buildActionMask = 2147483647;
			dstPath = "";
			dstSubfolderSpec = 10;
			files = (
				B41ECA7E261B9C3300348DD3 /* Domain.framework in Embed Frameworks */,
			);
			name = "Embed Frameworks";
			runOnlyForDeploymentPostprocessing = 0;
		};
		B41ECB46261BC03600348DD3 /* Embed Frameworks */ = {
			isa = PBXCopyFilesBuildPhase;
			buildActionMask = 2147483647;
			dstPath = "";
			dstSubfolderSpec = 10;
			files = (
				B41ECB43261BC03600348DD3 /* Presentation.framework in Embed Frameworks */,
			);
			name = "Embed Frameworks";
			runOnlyForDeploymentPostprocessing = 0;
		};
		B4A5F84725CF298E000087EC /* Embed Frameworks */ = {
			isa = PBXCopyFilesBuildPhase;
			buildActionMask = 2147483647;
			dstPath = "";
			dstSubfolderSpec = 10;
			files = (
				B4A5F84425CF298E000087EC /* Data.framework in Embed Frameworks */,
			);
			name = "Embed Frameworks";
			runOnlyForDeploymentPostprocessing = 0;
		};
		B4FC32B2250DF08100C725A8 /* Embed Frameworks */ = {
			isa = PBXCopyFilesBuildPhase;
			buildActionMask = 2147483647;
			dstPath = "";
			dstSubfolderSpec = 10;
			files = (
				B4FC32AF250DF08100C725A8 /* Domain.framework in Embed Frameworks */,
			);
			name = "Embed Frameworks";
			runOnlyForDeploymentPostprocessing = 0;
		};
/* End PBXCopyFilesBuildPhase section */

/* Begin PBXFileReference section */
		B40BA17825E4677D00EECB06 /* AlamofireAdapter.swift */ = {isa = PBXFileReference; lastKnownFileType = sourcecode.swift; path = AlamofireAdapter.swift; sourceTree = "<group>"; };
		B40BA18525E4687500EECB06 /* URLProtocolStub.swift */ = {isa = PBXFileReference; lastKnownFileType = sourcecode.swift; path = URLProtocolStub.swift; sourceTree = "<group>"; };
		B40BA19125E4721200EECB06 /* UseCasesIntegrationTests.xctest */ = {isa = PBXFileReference; explicitFileType = wrapper.cfbundle; includeInIndex = 0; path = UseCasesIntegrationTests.xctest; sourceTree = BUILT_PRODUCTS_DIR; };
		B40BA19325E4721200EECB06 /* AddAccountIntegrationTests.swift */ = {isa = PBXFileReference; lastKnownFileType = sourcecode.swift; path = AddAccountIntegrationTests.swift; sourceTree = "<group>"; };
		B40BA19525E4721200EECB06 /* Info.plist */ = {isa = PBXFileReference; lastKnownFileType = text.plist.xml; path = Info.plist; sourceTree = "<group>"; };
		B41ECA8C261B9EAA00348DD3 /* UI.framework */ = {isa = PBXFileReference; explicitFileType = wrapper.framework; includeInIndex = 0; path = UI.framework; sourceTree = BUILT_PRODUCTS_DIR; };
		B41ECA8F261B9EAA00348DD3 /* Info.plist */ = {isa = PBXFileReference; lastKnownFileType = text.plist.xml; path = Info.plist; sourceTree = "<group>"; };
		B41ECA94261B9EAA00348DD3 /* UITests.xctest */ = {isa = PBXFileReference; explicitFileType = wrapper.cfbundle; includeInIndex = 0; path = UITests.xctest; sourceTree = BUILT_PRODUCTS_DIR; };
		B41ECA99261B9EAA00348DD3 /* SignUpViewControllerTests.swift */ = {isa = PBXFileReference; lastKnownFileType = sourcecode.swift; path = SignUpViewControllerTests.swift; sourceTree = "<group>"; };
		B41ECA9B261B9EAA00348DD3 /* Info.plist */ = {isa = PBXFileReference; lastKnownFileType = text.plist.xml; path = Info.plist; sourceTree = "<group>"; };
		B41ECB22261BBDEA00348DD3 /* SignUp.storyboard */ = {isa = PBXFileReference; lastKnownFileType = file.storyboard; path = SignUp.storyboard; sourceTree = "<group>"; };
		B41ECB2B261BBE2600348DD3 /* SignUpViewController.swift */ = {isa = PBXFileReference; lastKnownFileType = sourcecode.swift; path = SignUpViewController.swift; sourceTree = "<group>"; };
		B41FB03225CB764300C81028 /* DataExtensions.swift */ = {isa = PBXFileReference; lastKnownFileType = sourcecode.swift; path = DataExtensions.swift; sourceTree = "<group>"; };
		B4777AFE262505F80007367B /* TestExtensions.swift */ = {isa = PBXFileReference; lastKnownFileType = sourcecode.swift; path = TestExtensions.swift; sourceTree = "<group>"; };
		B4A5F80625CCB84A000087EC /* TestExtensions.swift */ = {isa = PBXFileReference; lastKnownFileType = sourcecode.swift; path = TestExtensions.swift; sourceTree = "<group>"; };
		B4A5F80D25CCB91A000087EC /* HttpClientSpy.swift */ = {isa = PBXFileReference; lastKnownFileType = sourcecode.swift; path = HttpClientSpy.swift; sourceTree = "<group>"; };
		B4A5F81725CCBA1B000087EC /* TestFactories.swift */ = {isa = PBXFileReference; lastKnownFileType = sourcecode.swift; path = TestFactories.swift; sourceTree = "<group>"; };
		B4A5F81B25CCBA3B000087EC /* AccountModelFactory.swift */ = {isa = PBXFileReference; lastKnownFileType = sourcecode.swift; path = AccountModelFactory.swift; sourceTree = "<group>"; };
		B4A5F82825CF2988000087EC /* Infra.framework */ = {isa = PBXFileReference; explicitFileType = wrapper.framework; includeInIndex = 0; path = Infra.framework; sourceTree = BUILT_PRODUCTS_DIR; };
		B4A5F82B25CF2988000087EC /* Info.plist */ = {isa = PBXFileReference; lastKnownFileType = text.plist.xml; path = Info.plist; sourceTree = "<group>"; };
		B4A5F83025CF2988000087EC /* InfraTests.xctest */ = {isa = PBXFileReference; explicitFileType = wrapper.cfbundle; includeInIndex = 0; path = InfraTests.xctest; sourceTree = BUILT_PRODUCTS_DIR; };
		B4A5F83525CF2988000087EC /* AlamofireAdapterTest.swift */ = {isa = PBXFileReference; lastKnownFileType = sourcecode.swift; path = AlamofireAdapterTest.swift; sourceTree = "<group>"; };
		B4A5F83725CF2988000087EC /* Info.plist */ = {isa = PBXFileReference; lastKnownFileType = text.plist.xml; path = Info.plist; sourceTree = "<group>"; };
		B4D0F702256334AF0071785A /* DomainError.swift */ = {isa = PBXFileReference; lastKnownFileType = sourcecode.swift; path = DomainError.swift; sourceTree = "<group>"; };
		B4D0F7042563368B0071785A /* HttpError.swift */ = {isa = PBXFileReference; lastKnownFileType = sourcecode.swift; path = HttpError.swift; sourceTree = "<group>"; };
		B4D81CCC26137C8A00D8E6FE /* LoadingView.swift */ = {isa = PBXFileReference; lastKnownFileType = sourcecode.swift; path = LoadingView.swift; sourceTree = "<group>"; };
		B4D81CD3261505C100D8E6FE /* SignUpViewModel.swift */ = {isa = PBXFileReference; lastKnownFileType = sourcecode.swift; path = SignUpViewModel.swift; sourceTree = "<group>"; };
		B4D81CDA26150B1400D8E6FE /* SignUpMapper.swift */ = {isa = PBXFileReference; lastKnownFileType = sourcecode.swift; path = SignUpMapper.swift; sourceTree = "<group>"; };
		B4D81CF326150C4700D8E6FE /* AlertViewSpy.swift */ = {isa = PBXFileReference; lastKnownFileType = sourcecode.swift; path = AlertViewSpy.swift; sourceTree = "<group>"; };
		B4D81CFF26150C6600D8E6FE /* LoadingView.swift */ = {isa = PBXFileReference; lastKnownFileType = sourcecode.swift; path = LoadingView.swift; sourceTree = "<group>"; };
		B4D81D0726150CC300D8E6FE /* AddAccountSpy.swift */ = {isa = PBXFileReference; lastKnownFileType = sourcecode.swift; path = AddAccountSpy.swift; sourceTree = "<group>"; };
		B4D81D1426150D0300D8E6FE /* EmailValidatorSpy.swift */ = {isa = PBXFileReference; lastKnownFileType = sourcecode.swift; path = EmailValidatorSpy.swift; sourceTree = "<group>"; };
		B4D81D2126150D4000D8E6FE /* TestFactories.swift */ = {isa = PBXFileReference; lastKnownFileType = sourcecode.swift; path = TestFactories.swift; sourceTree = "<group>"; };
		B4FA686A26039CEA00804361 /* Presentation.framework */ = {isa = PBXFileReference; explicitFileType = wrapper.framework; includeInIndex = 0; path = Presentation.framework; sourceTree = BUILT_PRODUCTS_DIR; };
		B4FA686D26039CEA00804361 /* Info.plist */ = {isa = PBXFileReference; lastKnownFileType = text.plist.xml; path = Info.plist; sourceTree = "<group>"; };
		B4FA687226039CEA00804361 /* PresentationTests.xctest */ = {isa = PBXFileReference; explicitFileType = wrapper.cfbundle; includeInIndex = 0; path = PresentationTests.xctest; sourceTree = BUILT_PRODUCTS_DIR; };
		B4FA687726039CEA00804361 /* SignUpPresenterTests.swift */ = {isa = PBXFileReference; lastKnownFileType = sourcecode.swift; path = SignUpPresenterTests.swift; sourceTree = "<group>"; };
		B4FA687926039CEA00804361 /* Info.plist */ = {isa = PBXFileReference; lastKnownFileType = text.plist.xml; path = Info.plist; sourceTree = "<group>"; };
		B4FA68932603AEB700804361 /* SignUpPresenter.swift */ = {isa = PBXFileReference; lastKnownFileType = sourcecode.swift; path = SignUpPresenter.swift; sourceTree = "<group>"; };
		B4FA68A22603AED900804361 /* AlertView.swift */ = {isa = PBXFileReference; lastKnownFileType = sourcecode.swift; path = AlertView.swift; sourceTree = "<group>"; };
		B4FA68CA2603B77900804361 /* EmailValidator.swift */ = {isa = PBXFileReference; lastKnownFileType = sourcecode.swift; path = EmailValidator.swift; sourceTree = "<group>"; };
		B4FC3276250DED0200C725A8 /* Domain.framework */ = {isa = PBXFileReference; explicitFileType = wrapper.framework; includeInIndex = 0; path = Domain.framework; sourceTree = BUILT_PRODUCTS_DIR; };
		B4FC3279250DED0200C725A8 /* Info.plist */ = {isa = PBXFileReference; lastKnownFileType = text.plist.xml; path = Info.plist; sourceTree = "<group>"; };
		B4FC3280250DEE2700C725A8 /* AddAccount.swift */ = {isa = PBXFileReference; lastKnownFileType = sourcecode.swift; path = AddAccount.swift; sourceTree = "<group>"; };
		B4FC3282250DEF7400C725A8 /* AccountModel.swift */ = {isa = PBXFileReference; lastKnownFileType = sourcecode.swift; path = AccountModel.swift; sourceTree = "<group>"; };
		B4FC3296250DF03B00C725A8 /* Data.framework */ = {isa = PBXFileReference; explicitFileType = wrapper.framework; includeInIndex = 0; path = Data.framework; sourceTree = BUILT_PRODUCTS_DIR; };
		B4FC3299250DF03C00C725A8 /* Info.plist */ = {isa = PBXFileReference; lastKnownFileType = text.plist.xml; path = Info.plist; sourceTree = "<group>"; };
		B4FC329E250DF03C00C725A8 /* DataTests.xctest */ = {isa = PBXFileReference; explicitFileType = wrapper.cfbundle; includeInIndex = 0; path = DataTests.xctest; sourceTree = BUILT_PRODUCTS_DIR; };
		B4FC32A3250DF03C00C725A8 /* RemoteAddAccountTests.swift */ = {isa = PBXFileReference; lastKnownFileType = sourcecode.swift; path = RemoteAddAccountTests.swift; sourceTree = "<group>"; };
		B4FC32A5250DF03C00C725A8 /* Info.plist */ = {isa = PBXFileReference; lastKnownFileType = text.plist.xml; path = Info.plist; sourceTree = "<group>"; };
		B4FC32B3250E645C00C725A8 /* RemoteAddAccount.swift */ = {isa = PBXFileReference; lastKnownFileType = sourcecode.swift; path = RemoteAddAccount.swift; sourceTree = "<group>"; };
		B4FC32B5250E653D00C725A8 /* HttpPostClient.swift */ = {isa = PBXFileReference; lastKnownFileType = sourcecode.swift; path = HttpPostClient.swift; sourceTree = "<group>"; };
		B4FC32B7250E665B00C725A8 /* Model.swift */ = {isa = PBXFileReference; lastKnownFileType = sourcecode.swift; path = Model.swift; sourceTree = "<group>"; };
/* End PBXFileReference section */

/* Begin PBXFrameworksBuildPhase section */
		B40BA18E25E4721200EECB06 /* Frameworks */ = {
			isa = PBXFrameworksBuildPhase;
			buildActionMask = 2147483647;
			files = (
				B40BA19625E4721200EECB06 /* Domain.framework in Frameworks */,
			);
			runOnlyForDeploymentPostprocessing = 0;
		};
		B41ECA89261B9EAA00348DD3 /* Frameworks */ = {
			isa = PBXFrameworksBuildPhase;
			buildActionMask = 2147483647;
			files = (
				B41ECB42261BC03600348DD3 /* Presentation.framework in Frameworks */,
			);
			runOnlyForDeploymentPostprocessing = 0;
		};
		B41ECA91261B9EAA00348DD3 /* Frameworks */ = {
			isa = PBXFrameworksBuildPhase;
			buildActionMask = 2147483647;
			files = (
				B41ECA95261B9EAA00348DD3 /* UI.framework in Frameworks */,
			);
			runOnlyForDeploymentPostprocessing = 0;
		};
		B4A5F82525CF2988000087EC /* Frameworks */ = {
			isa = PBXFrameworksBuildPhase;
			buildActionMask = 2147483647;
			files = (
				B4A5F84325CF298E000087EC /* Data.framework in Frameworks */,
				B4A5F85425CF2AA6000087EC /* Alamofire in Frameworks */,
			);
			runOnlyForDeploymentPostprocessing = 0;
		};
		B4A5F82D25CF2988000087EC /* Frameworks */ = {
			isa = PBXFrameworksBuildPhase;
			buildActionMask = 2147483647;
			files = (
				B4A5F83125CF2988000087EC /* Infra.framework in Frameworks */,
			);
			runOnlyForDeploymentPostprocessing = 0;
		};
		B4FA686726039CEA00804361 /* Frameworks */ = {
			isa = PBXFrameworksBuildPhase;
			buildActionMask = 2147483647;
			files = (
				B41ECA7D261B9C3300348DD3 /* Domain.framework in Frameworks */,
			);
			runOnlyForDeploymentPostprocessing = 0;
		};
		B4FA686F26039CEA00804361 /* Frameworks */ = {
			isa = PBXFrameworksBuildPhase;
			buildActionMask = 2147483647;
			files = (
				B4FA687326039CEA00804361 /* Presentation.framework in Frameworks */,
			);
			runOnlyForDeploymentPostprocessing = 0;
		};
		B4FC3273250DED0200C725A8 /* Frameworks */ = {
			isa = PBXFrameworksBuildPhase;
			buildActionMask = 2147483647;
			files = (
			);
			runOnlyForDeploymentPostprocessing = 0;
		};
		B4FC3293250DF03B00C725A8 /* Frameworks */ = {
			isa = PBXFrameworksBuildPhase;
			buildActionMask = 2147483647;
			files = (
				B4FC32AE250DF08100C725A8 /* Domain.framework in Frameworks */,
			);
			runOnlyForDeploymentPostprocessing = 0;
		};
		B4FC329B250DF03C00C725A8 /* Frameworks */ = {
			isa = PBXFrameworksBuildPhase;
			buildActionMask = 2147483647;
			files = (
				B4FC329F250DF03C00C725A8 /* Data.framework in Frameworks */,
			);
			runOnlyForDeploymentPostprocessing = 0;
		};
/* End PBXFrameworksBuildPhase section */

/* Begin PBXGroup section */
		B40BA17D25E467D700EECB06 /* Http */ = {
			isa = PBXGroup;
			children = (
				B40BA17825E4677D00EECB06 /* AlamofireAdapter.swift */,
			);
			path = Http;
			sourceTree = "<group>";
		};
		B40BA19225E4721200EECB06 /* UseCasesIntegrationTests */ = {
			isa = PBXGroup;
			children = (
				B40BA19325E4721200EECB06 /* AddAccountIntegrationTests.swift */,
				B40BA19525E4721200EECB06 /* Info.plist */,
			);
			path = UseCasesIntegrationTests;
			sourceTree = "<group>";
		};
		B41ECA8D261B9EAA00348DD3 /* UI */ = {
			isa = PBXGroup;
			children = (
				B4777AF5262505630007367B /* Scenes */,
				B41ECA8F261B9EAA00348DD3 /* Info.plist */,
			);
			path = UI;
			sourceTree = "<group>";
		};
		B41ECA98261B9EAA00348DD3 /* UITests */ = {
			isa = PBXGroup;
			children = (
				B4777AFD262505E00007367B /* Helpers */,
				B4777AE8262505380007367B /* SignUp */,
				B41ECA9B261B9EAA00348DD3 /* Info.plist */,
			);
			path = UITests;
			sourceTree = "<group>";
		};
		B41FB03125CB760600C81028 /* Helpers */ = {
			isa = PBXGroup;
			children = (
				B41FB03225CB764300C81028 /* DataExtensions.swift */,
			);
			path = Helpers;
			sourceTree = "<group>";
		};
		B4777AE1262505300007367B /* SignUp */ = {
			isa = PBXGroup;
			children = (
				B41ECB22261BBDEA00348DD3 /* SignUp.storyboard */,
				B41ECB2B261BBE2600348DD3 /* SignUpViewController.swift */,
			);
			path = SignUp;
			sourceTree = "<group>";
		};
		B4777AE8262505380007367B /* SignUp */ = {
			isa = PBXGroup;
			children = (
				B4777AFC2625056C0007367B /* Scenes */,
				B41ECA99261B9EAA00348DD3 /* SignUpViewControllerTests.swift */,
			);
			path = SignUp;
			sourceTree = "<group>";
		};
		B4777AF5262505630007367B /* Scenes */ = {
			isa = PBXGroup;
			children = (
				B4777AE1262505300007367B /* SignUp */,
			);
			path = Scenes;
			sourceTree = "<group>";
		};
		B4777AFC2625056C0007367B /* Scenes */ = {
			isa = PBXGroup;
			children = (
			);
			path = Scenes;
			sourceTree = "<group>";
		};
		B4777AFD262505E00007367B /* Helpers */ = {
			isa = PBXGroup;
			children = (
				B4777AFE262505F80007367B /* TestExtensions.swift */,
			);
			path = Helpers;
			sourceTree = "<group>";
		};
		B4A5F80525CCB827000087EC /* Helpers */ = {
			isa = PBXGroup;
			children = (
				B4A5F80625CCB84A000087EC /* TestExtensions.swift */,
				B4A5F81725CCBA1B000087EC /* TestFactories.swift */,
				B4A5F81B25CCBA3B000087EC /* AccountModelFactory.swift */,
			);
			name = Helpers;
			sourceTree = "<group>";
		};
		B4A5F80C25CCB8F6000087EC /* Http */ = {
			isa = PBXGroup;
			children = (
				B4A5F80D25CCB91A000087EC /* HttpClientSpy.swift */,
			);
			name = Http;
			sourceTree = "<group>";
		};
		B4A5F82925CF2988000087EC /* Infra */ = {
			isa = PBXGroup;
			children = (
				B40BA17D25E467D700EECB06 /* Http */,
				B4A5F82B25CF2988000087EC /* Info.plist */,
			);
			path = Infra;
			sourceTree = "<group>";
		};
		B4A5F83425CF2988000087EC /* InfraTests */ = {
			isa = PBXGroup;
			children = (
				B4FA685C26039C1500804361 /* Http */,
				B4A5F83725CF2988000087EC /* Info.plist */,
			);
			path = InfraTests;
			sourceTree = "<group>";
		};
		B4D0F701256334870071785A /* Errors */ = {
			isa = PBXGroup;
			children = (
				B4D0F702256334AF0071785A /* DomainError.swift */,
			);
			path = Errors;
			sourceTree = "<group>";
		};
		B4D81CE126150C0500D8E6FE /* SignUp */ = {
			isa = PBXGroup;
			children = (
				B4FA687726039CEA00804361 /* SignUpPresenterTests.swift */,
			);
			path = SignUp;
			sourceTree = "<group>";
		};
		B4D81CE726150C1400D8E6FE /* SignUp */ = {
			isa = PBXGroup;
			children = (
				B4FA68932603AEB700804361 /* SignUpPresenter.swift */,
				B4D81CD3261505C100D8E6FE /* SignUpViewModel.swift */,
				B4D81CDA26150B1400D8E6FE /* SignUpMapper.swift */,
			);
			path = SignUp;
			sourceTree = "<group>";
		};
		B4D81CF226150C2300D8E6FE /* Views */ = {
			isa = PBXGroup;
			children = (
				B4D81CF326150C4700D8E6FE /* AlertViewSpy.swift */,
				B4D81CFF26150C6600D8E6FE /* LoadingView.swift */,
			);
			path = Views;
			sourceTree = "<group>";
		};
		B4D81D0626150CB100D8E6FE /* UseCases */ = {
			isa = PBXGroup;
			children = (
				B4D81D0726150CC300D8E6FE /* AddAccountSpy.swift */,
			);
			path = UseCases;
			sourceTree = "<group>";
		};
		B4D81D1326150CE200D8E6FE /* Validators */ = {
			isa = PBXGroup;
			children = (
				B4D81D1426150D0300D8E6FE /* EmailValidatorSpy.swift */,
			);
			path = Validators;
			sourceTree = "<group>";
		};
		B4D81D2026150D2C00D8E6FE /* Helpers */ = {
			isa = PBXGroup;
			children = (
				B4D81D2126150D4000D8E6FE /* TestFactories.swift */,
			);
			path = Helpers;
			sourceTree = "<group>";
		};
		B4FA685C26039C1500804361 /* Http */ = {
			isa = PBXGroup;
			children = (
				B4A5F83525CF2988000087EC /* AlamofireAdapterTest.swift */,
				B40BA18525E4687500EECB06 /* URLProtocolStub.swift */,
			);
			path = Http;
			sourceTree = "<group>";
		};
		B4FA686B26039CEA00804361 /* Presentation */ = {
			isa = PBXGroup;
			children = (
				B4FA68C92603B76400804361 /* Validators */,
				B4FA689B2603AECA00804361 /* Presenters */,
				B4FA68B02603AEE300804361 /* Views */,
				B4FA686D26039CEA00804361 /* Info.plist */,
			);
			path = Presentation;
			sourceTree = "<group>";
		};
		B4FA687626039CEA00804361 /* PresentationTests */ = {
			isa = PBXGroup;
			children = (
				B4D81D2026150D2C00D8E6FE /* Helpers */,
				B4D81D0626150CB100D8E6FE /* UseCases */,
				B4D81D1326150CE200D8E6FE /* Validators */,
				B4D81CF226150C2300D8E6FE /* Views */,
				B4D81CE126150C0500D8E6FE /* SignUp */,
				B4FA687926039CEA00804361 /* Info.plist */,
			);
			path = PresentationTests;
			sourceTree = "<group>";
		};
		B4FA689B2603AECA00804361 /* Presenters */ = {
			isa = PBXGroup;
			children = (
				B4D81CE726150C1400D8E6FE /* SignUp */,
			);
			path = Presenters;
			sourceTree = "<group>";
		};
		B4FA68B02603AEE300804361 /* Views */ = {
			isa = PBXGroup;
			children = (
				B4FA68A22603AED900804361 /* AlertView.swift */,
				B4D81CCC26137C8A00D8E6FE /* LoadingView.swift */,
			);
			path = Views;
			sourceTree = "<group>";
		};
		B4FA68C92603B76400804361 /* Validators */ = {
			isa = PBXGroup;
			children = (
				B4FA68CA2603B77900804361 /* EmailValidator.swift */,
			);
			path = Validators;
			sourceTree = "<group>";
		};
		B4FC325C250DECB100C725A8 = {
			isa = PBXGroup;
			children = (
				B4FC3277250DED0200C725A8 /* Domain */,
				B4FC3297250DF03C00C725A8 /* Data */,
				B4FC32A2250DF03C00C725A8 /* DataTests */,
				B4A5F82925CF2988000087EC /* Infra */,
				B4A5F83425CF2988000087EC /* InfraTests */,
				B40BA19225E4721200EECB06 /* UseCasesIntegrationTests */,
				B4FA686B26039CEA00804361 /* Presentation */,
				B4FA687626039CEA00804361 /* PresentationTests */,
				B41ECA8D261B9EAA00348DD3 /* UI */,
				B41ECA98261B9EAA00348DD3 /* UITests */,
				B4FC3267250DECB100C725A8 /* Products */,
				B4FC32AD250DF08100C725A8 /* Frameworks */,
			);
			sourceTree = "<group>";
		};
		B4FC3267250DECB100C725A8 /* Products */ = {
			isa = PBXGroup;
			children = (
				B4FC3276250DED0200C725A8 /* Domain.framework */,
				B4FC3296250DF03B00C725A8 /* Data.framework */,
				B4FC329E250DF03C00C725A8 /* DataTests.xctest */,
				B4A5F82825CF2988000087EC /* Infra.framework */,
				B4A5F83025CF2988000087EC /* InfraTests.xctest */,
				B40BA19125E4721200EECB06 /* UseCasesIntegrationTests.xctest */,
				B4FA686A26039CEA00804361 /* Presentation.framework */,
				B4FA687226039CEA00804361 /* PresentationTests.xctest */,
				B41ECA8C261B9EAA00348DD3 /* UI.framework */,
				B41ECA94261B9EAA00348DD3 /* UITests.xctest */,
			);
			name = Products;
			sourceTree = "<group>";
		};
		B4FC3277250DED0200C725A8 /* Domain */ = {
			isa = PBXGroup;
			children = (
				B4FC32B9250E677100C725A8 /* UseCase */,
				B4D0F701256334870071785A /* Errors */,
				B4FC32BA250E678E00C725A8 /* Model */,
				B4FC3279250DED0200C725A8 /* Info.plist */,
			);
			path = Domain;
			sourceTree = "<group>";
		};
		B4FC3297250DF03C00C725A8 /* Data */ = {
			isa = PBXGroup;
			children = (
				B41FB03125CB760600C81028 /* Helpers */,
				B4FC32BB250E679B00C725A8 /* UseCase */,
				B4FC32BC250E67A200C725A8 /* Http */,
				B4FC3299250DF03C00C725A8 /* Info.plist */,
			);
			path = Data;
			sourceTree = "<group>";
		};
		B4FC32A2250DF03C00C725A8 /* DataTests */ = {
			isa = PBXGroup;
			children = (
				B4A5F80525CCB827000087EC /* Helpers */,
				B4FC32BD250E67ED00C725A8 /* UseCase */,
				B4A5F80C25CCB8F6000087EC /* Http */,
				B4FC32A5250DF03C00C725A8 /* Info.plist */,
			);
			path = DataTests;
			sourceTree = "<group>";
		};
		B4FC32AD250DF08100C725A8 /* Frameworks */ = {
			isa = PBXGroup;
			children = (
			);
			name = Frameworks;
			sourceTree = "<group>";
		};
		B4FC32B9250E677100C725A8 /* UseCase */ = {
			isa = PBXGroup;
			children = (
				B4FC3280250DEE2700C725A8 /* AddAccount.swift */,
			);
			path = UseCase;
			sourceTree = "<group>";
		};
		B4FC32BA250E678E00C725A8 /* Model */ = {
			isa = PBXGroup;
			children = (
				B4FC3282250DEF7400C725A8 /* AccountModel.swift */,
				B4FC32B7250E665B00C725A8 /* Model.swift */,
			);
			path = Model;
			sourceTree = "<group>";
		};
		B4FC32BB250E679B00C725A8 /* UseCase */ = {
			isa = PBXGroup;
			children = (
				B4FC32B3250E645C00C725A8 /* RemoteAddAccount.swift */,
			);
			path = UseCase;
			sourceTree = "<group>";
		};
		B4FC32BC250E67A200C725A8 /* Http */ = {
			isa = PBXGroup;
			children = (
				B4FC32B5250E653D00C725A8 /* HttpPostClient.swift */,
				B4D0F7042563368B0071785A /* HttpError.swift */,
			);
			path = Http;
			sourceTree = "<group>";
		};
		B4FC32BD250E67ED00C725A8 /* UseCase */ = {
			isa = PBXGroup;
			children = (
				B4FC32A3250DF03C00C725A8 /* RemoteAddAccountTests.swift */,
			);
			name = UseCase;
			sourceTree = "<group>";
		};
/* End PBXGroup section */

/* Begin PBXHeadersBuildPhase section */
		B41ECA87261B9EAA00348DD3 /* Headers */ = {
			isa = PBXHeadersBuildPhase;
			buildActionMask = 2147483647;
			files = (
			);
			runOnlyForDeploymentPostprocessing = 0;
		};
		B4A5F82325CF2988000087EC /* Headers */ = {
			isa = PBXHeadersBuildPhase;
			buildActionMask = 2147483647;
			files = (
			);
			runOnlyForDeploymentPostprocessing = 0;
		};
		B4FA686526039CEA00804361 /* Headers */ = {
			isa = PBXHeadersBuildPhase;
			buildActionMask = 2147483647;
			files = (
			);
			runOnlyForDeploymentPostprocessing = 0;
		};
		B4FC3271250DED0200C725A8 /* Headers */ = {
			isa = PBXHeadersBuildPhase;
			buildActionMask = 2147483647;
			files = (
			);
			runOnlyForDeploymentPostprocessing = 0;
		};
		B4FC3291250DF03B00C725A8 /* Headers */ = {
			isa = PBXHeadersBuildPhase;
			buildActionMask = 2147483647;
			files = (
			);
			runOnlyForDeploymentPostprocessing = 0;
		};
/* End PBXHeadersBuildPhase section */

/* Begin PBXNativeTarget section */
		B40BA19025E4721200EECB06 /* UseCasesIntegrationTests */ = {
			isa = PBXNativeTarget;
			buildConfigurationList = B40BA19925E4721200EECB06 /* Build configuration list for PBXNativeTarget "UseCasesIntegrationTests" */;
			buildPhases = (
				B40BA18D25E4721200EECB06 /* Sources */,
				B40BA18E25E4721200EECB06 /* Frameworks */,
				B40BA18F25E4721200EECB06 /* Resources */,
			);
			buildRules = (
			);
			dependencies = (
				B40BA1A525E4726300EECB06 /* PBXTargetDependency */,
				B40BA1A725E4726300EECB06 /* PBXTargetDependency */,
				B40BA19825E4721200EECB06 /* PBXTargetDependency */,
			);
			name = UseCasesIntegrationTests;
			productName = UseCasesIntegrationTests;
			productReference = B40BA19125E4721200EECB06 /* UseCasesIntegrationTests.xctest */;
			productType = "com.apple.product-type.bundle.unit-test";
		};
		B41ECA8B261B9EAA00348DD3 /* UI */ = {
			isa = PBXNativeTarget;
			buildConfigurationList = B41ECA9D261B9EAA00348DD3 /* Build configuration list for PBXNativeTarget "UI" */;
			buildPhases = (
				B41ECA87261B9EAA00348DD3 /* Headers */,
				B41ECA88261B9EAA00348DD3 /* Sources */,
				B41ECA89261B9EAA00348DD3 /* Frameworks */,
				B41ECA8A261B9EAA00348DD3 /* Resources */,
				B41ECB46261BC03600348DD3 /* Embed Frameworks */,
			);
			buildRules = (
			);
			dependencies = (
				B41ECB45261BC03600348DD3 /* PBXTargetDependency */,
			);
			name = UI;
			productName = UI;
			productReference = B41ECA8C261B9EAA00348DD3 /* UI.framework */;
			productType = "com.apple.product-type.framework";
		};
		B41ECA93261B9EAA00348DD3 /* UITests */ = {
			isa = PBXNativeTarget;
			buildConfigurationList = B41ECAA0261B9EAA00348DD3 /* Build configuration list for PBXNativeTarget "UITests" */;
			buildPhases = (
				B41ECA90261B9EAA00348DD3 /* Sources */,
				B41ECA91261B9EAA00348DD3 /* Frameworks */,
				B41ECA92261B9EAA00348DD3 /* Resources */,
			);
			buildRules = (
			);
			dependencies = (
				B41ECA97261B9EAA00348DD3 /* PBXTargetDependency */,
			);
			name = UITests;
			productName = UITests;
			productReference = B41ECA94261B9EAA00348DD3 /* UITests.xctest */;
			productType = "com.apple.product-type.bundle.unit-test";
		};
		B4A5F82725CF2988000087EC /* Infra */ = {
			isa = PBXNativeTarget;
			buildConfigurationList = B4A5F83925CF2988000087EC /* Build configuration list for PBXNativeTarget "Infra" */;
			buildPhases = (
				B4A5F82325CF2988000087EC /* Headers */,
				B4A5F82425CF2988000087EC /* Sources */,
				B4A5F82525CF2988000087EC /* Frameworks */,
				B4A5F82625CF2988000087EC /* Resources */,
				B4A5F84725CF298E000087EC /* Embed Frameworks */,
			);
			buildRules = (
			);
			dependencies = (
				B4A5F84625CF298E000087EC /* PBXTargetDependency */,
			);
			name = Infra;
			packageProductDependencies = (
				B4A5F85325CF2AA6000087EC /* Alamofire */,
			);
			productName = Infra;
			productReference = B4A5F82825CF2988000087EC /* Infra.framework */;
			productType = "com.apple.product-type.framework";
		};
		B4A5F82F25CF2988000087EC /* InfraTests */ = {
			isa = PBXNativeTarget;
			buildConfigurationList = B4A5F83C25CF2988000087EC /* Build configuration list for PBXNativeTarget "InfraTests" */;
			buildPhases = (
				B4A5F82C25CF2988000087EC /* Sources */,
				B4A5F82D25CF2988000087EC /* Frameworks */,
				B4A5F82E25CF2988000087EC /* Resources */,
			);
			buildRules = (
			);
			dependencies = (
				B4A5F83325CF2988000087EC /* PBXTargetDependency */,
			);
			name = InfraTests;
			productName = InfraTests;
			productReference = B4A5F83025CF2988000087EC /* InfraTests.xctest */;
			productType = "com.apple.product-type.bundle.unit-test";
		};
		B4FA686926039CEA00804361 /* Presentation */ = {
			isa = PBXNativeTarget;
			buildConfigurationList = B4FA687B26039CEA00804361 /* Build configuration list for PBXNativeTarget "Presentation" */;
			buildPhases = (
				B4FA686526039CEA00804361 /* Headers */,
				B4FA686626039CEA00804361 /* Sources */,
				B4FA686726039CEA00804361 /* Frameworks */,
				B4FA686826039CEA00804361 /* Resources */,
				B41ECA81261B9C3300348DD3 /* Embed Frameworks */,
			);
			buildRules = (
			);
			dependencies = (
				B41ECA80261B9C3300348DD3 /* PBXTargetDependency */,
			);
			name = Presentation;
			productName = Presentation;
			productReference = B4FA686A26039CEA00804361 /* Presentation.framework */;
			productType = "com.apple.product-type.framework";
		};
		B4FA687126039CEA00804361 /* PresentationTests */ = {
			isa = PBXNativeTarget;
			buildConfigurationList = B4FA687E26039CEA00804361 /* Build configuration list for PBXNativeTarget "PresentationTests" */;
			buildPhases = (
				B4FA686E26039CEA00804361 /* Sources */,
				B4FA686F26039CEA00804361 /* Frameworks */,
				B4FA687026039CEA00804361 /* Resources */,
			);
			buildRules = (
			);
			dependencies = (
				B4FA687526039CEA00804361 /* PBXTargetDependency */,
			);
			name = PresentationTests;
			productName = PresentationTests;
			productReference = B4FA687226039CEA00804361 /* PresentationTests.xctest */;
			productType = "com.apple.product-type.bundle.unit-test";
		};
		B4FC3275250DED0200C725A8 /* Domain */ = {
			isa = PBXNativeTarget;
			buildConfigurationList = B4FC327B250DED0200C725A8 /* Build configuration list for PBXNativeTarget "Domain" */;
			buildPhases = (
				B4FC3271250DED0200C725A8 /* Headers */,
				B4FC3272250DED0200C725A8 /* Sources */,
				B4FC3273250DED0200C725A8 /* Frameworks */,
				B4FC3274250DED0200C725A8 /* Resources */,
			);
			buildRules = (
			);
			dependencies = (
			);
			name = Domain;
			productName = Domain;
			productReference = B4FC3276250DED0200C725A8 /* Domain.framework */;
			productType = "com.apple.product-type.framework";
		};
		B4FC3295250DF03B00C725A8 /* Data */ = {
			isa = PBXNativeTarget;
			buildConfigurationList = B4FC32A7250DF03C00C725A8 /* Build configuration list for PBXNativeTarget "Data" */;
			buildPhases = (
				B4FC3291250DF03B00C725A8 /* Headers */,
				B4FC3292250DF03B00C725A8 /* Sources */,
				B4FC3293250DF03B00C725A8 /* Frameworks */,
				B4FC3294250DF03B00C725A8 /* Resources */,
				B4FC32B2250DF08100C725A8 /* Embed Frameworks */,
			);
			buildRules = (
			);
			dependencies = (
				B4FC32B1250DF08100C725A8 /* PBXTargetDependency */,
			);
			name = Data;
			productName = Data;
			productReference = B4FC3296250DF03B00C725A8 /* Data.framework */;
			productType = "com.apple.product-type.framework";
		};
		B4FC329D250DF03C00C725A8 /* DataTests */ = {
			isa = PBXNativeTarget;
			buildConfigurationList = B4FC32AA250DF03C00C725A8 /* Build configuration list for PBXNativeTarget "DataTests" */;
			buildPhases = (
				B4FC329A250DF03C00C725A8 /* Sources */,
				B4FC329B250DF03C00C725A8 /* Frameworks */,
				B4FC329C250DF03C00C725A8 /* Resources */,
			);
			buildRules = (
			);
			dependencies = (
				B4FC32A1250DF03C00C725A8 /* PBXTargetDependency */,
			);
			name = DataTests;
			productName = DataTests;
			productReference = B4FC329E250DF03C00C725A8 /* DataTests.xctest */;
			productType = "com.apple.product-type.bundle.unit-test";
		};
/* End PBXNativeTarget section */

/* Begin PBXProject section */
		B4FC325D250DECB100C725A8 /* Project object */ = {
			isa = PBXProject;
			attributes = {
				LastSwiftUpdateCheck = 1240;
				LastUpgradeCheck = 1230;
				ORGANIZATIONNAME = "Anderson Chagas";
				TargetAttributes = {
					B40BA19025E4721200EECB06 = {
						CreatedOnToolsVersion = 12.3;
					};
					B41ECA8B261B9EAA00348DD3 = {
						CreatedOnToolsVersion = 12.4;
						LastSwiftMigration = 1240;
					};
					B41ECA93261B9EAA00348DD3 = {
						CreatedOnToolsVersion = 12.4;
					};
					B4A5F82725CF2988000087EC = {
						CreatedOnToolsVersion = 12.3;
						LastSwiftMigration = 1230;
					};
					B4A5F82F25CF2988000087EC = {
						CreatedOnToolsVersion = 12.3;
					};
					B4FA686926039CEA00804361 = {
						CreatedOnToolsVersion = 12.3;
						LastSwiftMigration = 1230;
					};
					B4FA687126039CEA00804361 = {
						CreatedOnToolsVersion = 12.3;
					};
					B4FC3275250DED0200C725A8 = {
						CreatedOnToolsVersion = 11.6;
						LastSwiftMigration = 1160;
					};
					B4FC3295250DF03B00C725A8 = {
						CreatedOnToolsVersion = 11.6;
						LastSwiftMigration = 1160;
					};
					B4FC329D250DF03C00C725A8 = {
						CreatedOnToolsVersion = 11.6;
					};
				};
			};
			buildConfigurationList = B4FC3260250DECB100C725A8 /* Build configuration list for PBXProject "CleanApp" */;
			compatibilityVersion = "Xcode 9.3";
			developmentRegion = en;
			hasScannedForEncodings = 0;
			knownRegions = (
				en,
				Base,
			);
			mainGroup = B4FC325C250DECB100C725A8;
			packageReferences = (
				B4A5F85225CF2AA6000087EC /* XCRemoteSwiftPackageReference "Alamofire" */,
			);
			productRefGroup = B4FC3267250DECB100C725A8 /* Products */;
			projectDirPath = "";
			projectRoot = "";
			targets = (
				B4FC3275250DED0200C725A8 /* Domain */,
				B4FC3295250DF03B00C725A8 /* Data */,
				B4FC329D250DF03C00C725A8 /* DataTests */,
				B4A5F82725CF2988000087EC /* Infra */,
				B4A5F82F25CF2988000087EC /* InfraTests */,
				B40BA19025E4721200EECB06 /* UseCasesIntegrationTests */,
				B4FA686926039CEA00804361 /* Presentation */,
				B4FA687126039CEA00804361 /* PresentationTests */,
				B41ECA8B261B9EAA00348DD3 /* UI */,
				B41ECA93261B9EAA00348DD3 /* UITests */,
			);
		};
/* End PBXProject section */

/* Begin PBXResourcesBuildPhase section */
		B40BA18F25E4721200EECB06 /* Resources */ = {
			isa = PBXResourcesBuildPhase;
			buildActionMask = 2147483647;
			files = (
			);
			runOnlyForDeploymentPostprocessing = 0;
		};
		B41ECA8A261B9EAA00348DD3 /* Resources */ = {
			isa = PBXResourcesBuildPhase;
			buildActionMask = 2147483647;
			files = (
				B41ECB23261BBDEA00348DD3 /* SignUp.storyboard in Resources */,
			);
			runOnlyForDeploymentPostprocessing = 0;
		};
		B41ECA92261B9EAA00348DD3 /* Resources */ = {
			isa = PBXResourcesBuildPhase;
			buildActionMask = 2147483647;
			files = (
			);
			runOnlyForDeploymentPostprocessing = 0;
		};
		B4A5F82625CF2988000087EC /* Resources */ = {
			isa = PBXResourcesBuildPhase;
			buildActionMask = 2147483647;
			files = (
			);
			runOnlyForDeploymentPostprocessing = 0;
		};
		B4A5F82E25CF2988000087EC /* Resources */ = {
			isa = PBXResourcesBuildPhase;
			buildActionMask = 2147483647;
			files = (
			);
			runOnlyForDeploymentPostprocessing = 0;
		};
		B4FA686826039CEA00804361 /* Resources */ = {
			isa = PBXResourcesBuildPhase;
			buildActionMask = 2147483647;
			files = (
			);
			runOnlyForDeploymentPostprocessing = 0;
		};
		B4FA687026039CEA00804361 /* Resources */ = {
			isa = PBXResourcesBuildPhase;
			buildActionMask = 2147483647;
			files = (
			);
			runOnlyForDeploymentPostprocessing = 0;
		};
		B4FC3274250DED0200C725A8 /* Resources */ = {
			isa = PBXResourcesBuildPhase;
			buildActionMask = 2147483647;
			files = (
			);
			runOnlyForDeploymentPostprocessing = 0;
		};
		B4FC3294250DF03B00C725A8 /* Resources */ = {
			isa = PBXResourcesBuildPhase;
			buildActionMask = 2147483647;
			files = (
			);
			runOnlyForDeploymentPostprocessing = 0;
		};
		B4FC329C250DF03C00C725A8 /* Resources */ = {
			isa = PBXResourcesBuildPhase;
			buildActionMask = 2147483647;
			files = (
			);
			runOnlyForDeploymentPostprocessing = 0;
		};
/* End PBXResourcesBuildPhase section */

/* Begin PBXSourcesBuildPhase section */
		B40BA18D25E4721200EECB06 /* Sources */ = {
			isa = PBXSourcesBuildPhase;
			buildActionMask = 2147483647;
			files = (
				B40BA19425E4721200EECB06 /* AddAccountIntegrationTests.swift in Sources */,
			);
			runOnlyForDeploymentPostprocessing = 0;
		};
		B41ECA88261B9EAA00348DD3 /* Sources */ = {
			isa = PBXSourcesBuildPhase;
			buildActionMask = 2147483647;
			files = (
				B41ECB2C261BBE2600348DD3 /* SignUpViewController.swift in Sources */,
			);
			runOnlyForDeploymentPostprocessing = 0;
		};
		B41ECA90261B9EAA00348DD3 /* Sources */ = {
			isa = PBXSourcesBuildPhase;
			buildActionMask = 2147483647;
			files = (
				B41ECA9A261B9EAA00348DD3 /* SignUpViewControllerTests.swift in Sources */,
				B4777AFF262505F80007367B /* TestExtensions.swift in Sources */,
			);
			runOnlyForDeploymentPostprocessing = 0;
		};
		B4A5F82425CF2988000087EC /* Sources */ = {
			isa = PBXSourcesBuildPhase;
			buildActionMask = 2147483647;
			files = (
				B40BA17925E4677D00EECB06 /* AlamofireAdapter.swift in Sources */,
			);
			runOnlyForDeploymentPostprocessing = 0;
		};
		B4A5F82C25CF2988000087EC /* Sources */ = {
			isa = PBXSourcesBuildPhase;
			buildActionMask = 2147483647;
			files = (
				B4A5F84825CF299D000087EC /* TestFactories.swift in Sources */,
				B4BF0F7F25D5F1820036E842 /* TestExtensions.swift in Sources */,
				B40BA18125E467FD00EECB06 /* AlamofireAdapter.swift in Sources */,
				B4A5F83625CF2988000087EC /* AlamofireAdapterTest.swift in Sources */,
				B40BA18625E4687500EECB06 /* URLProtocolStub.swift in Sources */,
			);
			runOnlyForDeploymentPostprocessing = 0;
		};
		B4FA686626039CEA00804361 /* Sources */ = {
			isa = PBXSourcesBuildPhase;
			buildActionMask = 2147483647;
			files = (
				B4D81CDB26150B1400D8E6FE /* SignUpMapper.swift in Sources */,
				B4FA68A32603AED900804361 /* AlertView.swift in Sources */,
				B4D81CCD26137C8A00D8E6FE /* LoadingView.swift in Sources */,
				B4D81CD4261505C100D8E6FE /* SignUpViewModel.swift in Sources */,
				B4FA68942603AEB700804361 /* SignUpPresenter.swift in Sources */,
				B4FA68CB2603B77900804361 /* EmailValidator.swift in Sources */,
			);
			runOnlyForDeploymentPostprocessing = 0;
		};
		B4FA686E26039CEA00804361 /* Sources */ = {
			isa = PBXSourcesBuildPhase;
			buildActionMask = 2147483647;
			files = (
				B4D81D0826150CC300D8E6FE /* AddAccountSpy.swift in Sources */,
				B4D81CF426150C4700D8E6FE /* AlertViewSpy.swift in Sources */,
				B4D81D1526150D0300D8E6FE /* EmailValidatorSpy.swift in Sources */,
				B4FBBC76261265E300E66D8E /* AccountModelFactory.swift in Sources */,
				B4FBBC7C2612692000E66D8E /* TestExtensions.swift in Sources */,
				B4D81D0026150C6600D8E6FE /* LoadingView.swift in Sources */,
				B4D81D2226150D4000D8E6FE /* TestFactories.swift in Sources */,
				B4FA687826039CEA00804361 /* SignUpPresenterTests.swift in Sources */,
			);
			runOnlyForDeploymentPostprocessing = 0;
		};
		B4FC3272250DED0200C725A8 /* Sources */ = {
			isa = PBXSourcesBuildPhase;
			buildActionMask = 2147483647;
			files = (
				B4FC32B8250E665B00C725A8 /* Model.swift in Sources */,
				B4FC3281250DEE2700C725A8 /* AddAccount.swift in Sources */,
				B4D0F703256334AF0071785A /* DomainError.swift in Sources */,
				B4FC3283250DEF7400C725A8 /* AccountModel.swift in Sources */,
			);
			runOnlyForDeploymentPostprocessing = 0;
		};
		B4FC3292250DF03B00C725A8 /* Sources */ = {
			isa = PBXSourcesBuildPhase;
			buildActionMask = 2147483647;
			files = (
				B4FC32B6250E653D00C725A8 /* HttpPostClient.swift in Sources */,
				B41FB03325CB764300C81028 /* DataExtensions.swift in Sources */,
				B4D0F7052563368B0071785A /* HttpError.swift in Sources */,
				B4FC32B4250E645C00C725A8 /* RemoteAddAccount.swift in Sources */,
			);
			runOnlyForDeploymentPostprocessing = 0;
		};
		B4FC329A250DF03C00C725A8 /* Sources */ = {
			isa = PBXSourcesBuildPhase;
			buildActionMask = 2147483647;
			files = (
				B4A5F80725CCB84A000087EC /* TestExtensions.swift in Sources */,
				B4A5F80E25CCB91A000087EC /* HttpClientSpy.swift in Sources */,
				B4A5F81C25CCBA3B000087EC /* AccountModelFactory.swift in Sources */,
				B4A5F81825CCBA1B000087EC /* TestFactories.swift in Sources */,
				B4FC32A4250DF03C00C725A8 /* RemoteAddAccountTests.swift in Sources */,
			);
			runOnlyForDeploymentPostprocessing = 0;
		};
/* End PBXSourcesBuildPhase section */

/* Begin PBXTargetDependency section */
		B40BA19825E4721200EECB06 /* PBXTargetDependency */ = {
			isa = PBXTargetDependency;
			target = B4FC3275250DED0200C725A8 /* Domain */;
			targetProxy = B40BA19725E4721200EECB06 /* PBXContainerItemProxy */;
		};
		B40BA1A525E4726300EECB06 /* PBXTargetDependency */ = {
			isa = PBXTargetDependency;
			target = B4FC3295250DF03B00C725A8 /* Data */;
			targetProxy = B40BA1A425E4726300EECB06 /* PBXContainerItemProxy */;
		};
		B40BA1A725E4726300EECB06 /* PBXTargetDependency */ = {
			isa = PBXTargetDependency;
			target = B4A5F82725CF2988000087EC /* Infra */;
			targetProxy = B40BA1A625E4726300EECB06 /* PBXContainerItemProxy */;
		};
		B41ECA80261B9C3300348DD3 /* PBXTargetDependency */ = {
			isa = PBXTargetDependency;
			target = B4FC3275250DED0200C725A8 /* Domain */;
			targetProxy = B41ECA7F261B9C3300348DD3 /* PBXContainerItemProxy */;
		};
		B41ECA97261B9EAA00348DD3 /* PBXTargetDependency */ = {
			isa = PBXTargetDependency;
			target = B41ECA8B261B9EAA00348DD3 /* UI */;
			targetProxy = B41ECA96261B9EAA00348DD3 /* PBXContainerItemProxy */;
		};
		B41ECB45261BC03600348DD3 /* PBXTargetDependency */ = {
			isa = PBXTargetDependency;
			target = B4FA686926039CEA00804361 /* Presentation */;
			targetProxy = B41ECB44261BC03600348DD3 /* PBXContainerItemProxy */;
		};
		B4A5F83325CF2988000087EC /* PBXTargetDependency */ = {
			isa = PBXTargetDependency;
			target = B4A5F82725CF2988000087EC /* Infra */;
			targetProxy = B4A5F83225CF2988000087EC /* PBXContainerItemProxy */;
		};
		B4A5F84625CF298E000087EC /* PBXTargetDependency */ = {
			isa = PBXTargetDependency;
			target = B4FC3295250DF03B00C725A8 /* Data */;
			targetProxy = B4A5F84525CF298E000087EC /* PBXContainerItemProxy */;
		};
		B4FA687526039CEA00804361 /* PBXTargetDependency */ = {
			isa = PBXTargetDependency;
			target = B4FA686926039CEA00804361 /* Presentation */;
			targetProxy = B4FA687426039CEA00804361 /* PBXContainerItemProxy */;
		};
		B4FC32A1250DF03C00C725A8 /* PBXTargetDependency */ = {
			isa = PBXTargetDependency;
			target = B4FC3295250DF03B00C725A8 /* Data */;
			targetProxy = B4FC32A0250DF03C00C725A8 /* PBXContainerItemProxy */;
		};
		B4FC32B1250DF08100C725A8 /* PBXTargetDependency */ = {
			isa = PBXTargetDependency;
			target = B4FC3275250DED0200C725A8 /* Domain */;
			targetProxy = B4FC32B0250DF08100C725A8 /* PBXContainerItemProxy */;
		};
/* End PBXTargetDependency section */

/* Begin XCBuildConfiguration section */
		B40BA19A25E4721200EECB06 /* Debug */ = {
			isa = XCBuildConfiguration;
			buildSettings = {
				CLANG_WARN_QUOTED_INCLUDE_IN_FRAMEWORK_HEADER = YES;
				CODE_SIGN_STYLE = Automatic;
				COMBINE_HIDPI_IMAGES = YES;
				DEVELOPMENT_TEAM = TA48V9TKT7;
				INFOPLIST_FILE = UseCasesIntegrationTests/Info.plist;
				LD_RUNPATH_SEARCH_PATHS = (
					"$(inherited)",
					"@executable_path/../Frameworks",
					"@loader_path/../Frameworks",
				);
				MACOSX_DEPLOYMENT_TARGET = 10.15;
				PRODUCT_BUNDLE_IDENTIFIER = br.com.andersonchagas.UseCasesIntegrationTests;
				PRODUCT_NAME = "$(TARGET_NAME)";
				SDKROOT = macosx;
				SUPPORTED_PLATFORMS = "macosx iphoneos iphonesimulator";
				SWIFT_VERSION = 5.0;
			};
			name = Debug;
		};
		B40BA19B25E4721200EECB06 /* Release */ = {
			isa = XCBuildConfiguration;
			buildSettings = {
				CLANG_WARN_QUOTED_INCLUDE_IN_FRAMEWORK_HEADER = YES;
				CODE_SIGN_STYLE = Automatic;
				COMBINE_HIDPI_IMAGES = YES;
				DEVELOPMENT_TEAM = TA48V9TKT7;
				INFOPLIST_FILE = UseCasesIntegrationTests/Info.plist;
				LD_RUNPATH_SEARCH_PATHS = (
					"$(inherited)",
					"@executable_path/../Frameworks",
					"@loader_path/../Frameworks",
				);
				MACOSX_DEPLOYMENT_TARGET = 10.15;
				PRODUCT_BUNDLE_IDENTIFIER = br.com.andersonchagas.UseCasesIntegrationTests;
				PRODUCT_NAME = "$(TARGET_NAME)";
				SDKROOT = macosx;
				SUPPORTED_PLATFORMS = "macosx iphoneos iphonesimulator";
				SWIFT_VERSION = 5.0;
			};
			name = Release;
		};
		B41ECA9E261B9EAA00348DD3 /* Debug */ = {
			isa = XCBuildConfiguration;
			buildSettings = {
				CLANG_ENABLE_MODULES = YES;
				CODE_SIGN_STYLE = Automatic;
				COMBINE_HIDPI_IMAGES = YES;
				DEFINES_MODULE = YES;
				DEVELOPMENT_TEAM = TA48V9TKT7;
				DYLIB_COMPATIBILITY_VERSION = 1;
				DYLIB_CURRENT_VERSION = 1;
				DYLIB_INSTALL_NAME_BASE = "@rpath";
				INFOPLIST_FILE = UI/Info.plist;
				INSTALL_PATH = "$(LOCAL_LIBRARY_DIR)/Frameworks";
				LD_RUNPATH_SEARCH_PATHS = (
					"$(inherited)",
					"@executable_path/../Frameworks",
					"@loader_path/Frameworks",
				);
				MACOSX_DEPLOYMENT_TARGET = 10.15;
				PRODUCT_BUNDLE_IDENTIFIER = br.com.andersonchagas.UI;
				PRODUCT_NAME = "$(TARGET_NAME:c99extidentifier)";
				SDKROOT = macosx;
				SKIP_INSTALL = YES;
				SUPPORTED_PLATFORMS = "macosx iphonesimulator iphoneos";
				SWIFT_OPTIMIZATION_LEVEL = "-Onone";
				SWIFT_VERSION = 5.0;
			};
			name = Debug;
		};
		B41ECA9F261B9EAA00348DD3 /* Release */ = {
			isa = XCBuildConfiguration;
			buildSettings = {
				CLANG_ENABLE_MODULES = YES;
				CODE_SIGN_STYLE = Automatic;
				COMBINE_HIDPI_IMAGES = YES;
				DEFINES_MODULE = YES;
				DEVELOPMENT_TEAM = TA48V9TKT7;
				DYLIB_COMPATIBILITY_VERSION = 1;
				DYLIB_CURRENT_VERSION = 1;
				DYLIB_INSTALL_NAME_BASE = "@rpath";
				INFOPLIST_FILE = UI/Info.plist;
				INSTALL_PATH = "$(LOCAL_LIBRARY_DIR)/Frameworks";
				LD_RUNPATH_SEARCH_PATHS = (
					"$(inherited)",
					"@executable_path/../Frameworks",
					"@loader_path/Frameworks",
				);
				MACOSX_DEPLOYMENT_TARGET = 10.15;
				PRODUCT_BUNDLE_IDENTIFIER = br.com.andersonchagas.UI;
				PRODUCT_NAME = "$(TARGET_NAME:c99extidentifier)";
				SDKROOT = macosx;
				SKIP_INSTALL = YES;
				SUPPORTED_PLATFORMS = "macosx iphonesimulator iphoneos";
				SWIFT_VERSION = 5.0;
			};
			name = Release;
		};
		B41ECAA1261B9EAA00348DD3 /* Debug */ = {
			isa = XCBuildConfiguration;
			buildSettings = {
				ALWAYS_EMBED_SWIFT_STANDARD_LIBRARIES = YES;
				CODE_SIGN_STYLE = Automatic;
				COMBINE_HIDPI_IMAGES = YES;
				DEVELOPMENT_TEAM = TA48V9TKT7;
				INFOPLIST_FILE = UITests/Info.plist;
				LD_RUNPATH_SEARCH_PATHS = (
					"$(inherited)",
					"@executable_path/../Frameworks",
					"@loader_path/../Frameworks",
				);
				MACOSX_DEPLOYMENT_TARGET = 10.15;
				PRODUCT_BUNDLE_IDENTIFIER = br.com.andersonchagas.UITests;
				PRODUCT_NAME = "$(TARGET_NAME)";
				SDKROOT = macosx;
				SUPPORTED_PLATFORMS = "macosx iphoneos iphonesimulator";
				SWIFT_VERSION = 5.0;
			};
			name = Debug;
		};
		B41ECAA2261B9EAA00348DD3 /* Release */ = {
			isa = XCBuildConfiguration;
			buildSettings = {
				ALWAYS_EMBED_SWIFT_STANDARD_LIBRARIES = YES;
				CODE_SIGN_STYLE = Automatic;
				COMBINE_HIDPI_IMAGES = YES;
				DEVELOPMENT_TEAM = TA48V9TKT7;
				INFOPLIST_FILE = UITests/Info.plist;
				LD_RUNPATH_SEARCH_PATHS = (
					"$(inherited)",
					"@executable_path/../Frameworks",
					"@loader_path/../Frameworks",
				);
				MACOSX_DEPLOYMENT_TARGET = 10.15;
				PRODUCT_BUNDLE_IDENTIFIER = br.com.andersonchagas.UITests;
				PRODUCT_NAME = "$(TARGET_NAME)";
				SDKROOT = macosx;
				SUPPORTED_PLATFORMS = "macosx iphoneos iphonesimulator";
				SWIFT_VERSION = 5.0;
			};
			name = Release;
		};
		B4A5F83A25CF2988000087EC /* Debug */ = {
			isa = XCBuildConfiguration;
			buildSettings = {
				CLANG_ENABLE_MODULES = YES;
				CLANG_WARN_QUOTED_INCLUDE_IN_FRAMEWORK_HEADER = YES;
				CODE_SIGN_STYLE = Automatic;
				COMBINE_HIDPI_IMAGES = YES;
				DEFINES_MODULE = YES;
				DEVELOPMENT_TEAM = TA48V9TKT7;
				DYLIB_COMPATIBILITY_VERSION = 1;
				DYLIB_CURRENT_VERSION = 1;
				DYLIB_INSTALL_NAME_BASE = "@rpath";
				INFOPLIST_FILE = Infra/Info.plist;
				INSTALL_PATH = "$(LOCAL_LIBRARY_DIR)/Frameworks";
				LD_RUNPATH_SEARCH_PATHS = (
					"$(inherited)",
					"@executable_path/../Frameworks",
					"@loader_path/Frameworks",
				);
				MACOSX_DEPLOYMENT_TARGET = 10.15;
				PRODUCT_BUNDLE_IDENTIFIER = br.com.andersonchagas.Infra;
				PRODUCT_NAME = "$(TARGET_NAME:c99extidentifier)";
				SDKROOT = macosx;
				SKIP_INSTALL = YES;
				SUPPORTED_PLATFORMS = "macosx iphoneos iphonesimulator";
				SWIFT_OPTIMIZATION_LEVEL = "-Onone";
				SWIFT_VERSION = 5.0;
			};
			name = Debug;
		};
		B4A5F83B25CF2988000087EC /* Release */ = {
			isa = XCBuildConfiguration;
			buildSettings = {
				CLANG_ENABLE_MODULES = YES;
				CLANG_WARN_QUOTED_INCLUDE_IN_FRAMEWORK_HEADER = YES;
				CODE_SIGN_STYLE = Automatic;
				COMBINE_HIDPI_IMAGES = YES;
				DEFINES_MODULE = YES;
				DEVELOPMENT_TEAM = TA48V9TKT7;
				DYLIB_COMPATIBILITY_VERSION = 1;
				DYLIB_CURRENT_VERSION = 1;
				DYLIB_INSTALL_NAME_BASE = "@rpath";
				INFOPLIST_FILE = Infra/Info.plist;
				INSTALL_PATH = "$(LOCAL_LIBRARY_DIR)/Frameworks";
				LD_RUNPATH_SEARCH_PATHS = (
					"$(inherited)",
					"@executable_path/../Frameworks",
					"@loader_path/Frameworks",
				);
				MACOSX_DEPLOYMENT_TARGET = 10.15;
				PRODUCT_BUNDLE_IDENTIFIER = br.com.andersonchagas.Infra;
				PRODUCT_NAME = "$(TARGET_NAME:c99extidentifier)";
				SDKROOT = macosx;
				SKIP_INSTALL = YES;
				SUPPORTED_PLATFORMS = "macosx iphoneos iphonesimulator";
				SWIFT_VERSION = 5.0;
			};
			name = Release;
		};
		B4A5F83D25CF2988000087EC /* Debug */ = {
			isa = XCBuildConfiguration;
			buildSettings = {
				ALWAYS_EMBED_SWIFT_STANDARD_LIBRARIES = YES;
				CLANG_WARN_QUOTED_INCLUDE_IN_FRAMEWORK_HEADER = YES;
				CODE_SIGN_STYLE = Automatic;
				COMBINE_HIDPI_IMAGES = YES;
				DEVELOPMENT_TEAM = TA48V9TKT7;
				INFOPLIST_FILE = InfraTests/Info.plist;
				LD_RUNPATH_SEARCH_PATHS = (
					"$(inherited)",
					"@executable_path/../Frameworks",
					"@loader_path/../Frameworks",
				);
				MACOSX_DEPLOYMENT_TARGET = 10.15;
				PRODUCT_BUNDLE_IDENTIFIER = br.com.andersonchagas.InfraTests;
				PRODUCT_NAME = "$(TARGET_NAME)";
				SDKROOT = macosx;
				SUPPORTED_PLATFORMS = "macosx iphoneos iphonesimulator";
				SWIFT_VERSION = 5.0;
			};
			name = Debug;
		};
		B4A5F83E25CF2988000087EC /* Release */ = {
			isa = XCBuildConfiguration;
			buildSettings = {
				ALWAYS_EMBED_SWIFT_STANDARD_LIBRARIES = YES;
				CLANG_WARN_QUOTED_INCLUDE_IN_FRAMEWORK_HEADER = YES;
				CODE_SIGN_STYLE = Automatic;
				COMBINE_HIDPI_IMAGES = YES;
				DEVELOPMENT_TEAM = TA48V9TKT7;
				INFOPLIST_FILE = InfraTests/Info.plist;
				LD_RUNPATH_SEARCH_PATHS = (
					"$(inherited)",
					"@executable_path/../Frameworks",
					"@loader_path/../Frameworks",
				);
				MACOSX_DEPLOYMENT_TARGET = 10.15;
				PRODUCT_BUNDLE_IDENTIFIER = br.com.andersonchagas.InfraTests;
				PRODUCT_NAME = "$(TARGET_NAME)";
				SDKROOT = macosx;
				SUPPORTED_PLATFORMS = "macosx iphoneos iphonesimulator";
				SWIFT_VERSION = 5.0;
			};
			name = Release;
		};
		B4FA687C26039CEA00804361 /* Debug */ = {
			isa = XCBuildConfiguration;
			buildSettings = {
				CLANG_ENABLE_MODULES = YES;
				CLANG_WARN_QUOTED_INCLUDE_IN_FRAMEWORK_HEADER = YES;
				CODE_SIGN_STYLE = Automatic;
				COMBINE_HIDPI_IMAGES = YES;
				DEFINES_MODULE = YES;
				DEVELOPMENT_TEAM = TA48V9TKT7;
				DYLIB_COMPATIBILITY_VERSION = 1;
				DYLIB_CURRENT_VERSION = 1;
				DYLIB_INSTALL_NAME_BASE = "@rpath";
				INFOPLIST_FILE = Presentation/Info.plist;
				INSTALL_PATH = "$(LOCAL_LIBRARY_DIR)/Frameworks";
				LD_RUNPATH_SEARCH_PATHS = (
					"$(inherited)",
					"@executable_path/../Frameworks",
					"@loader_path/Frameworks",
				);
				MACOSX_DEPLOYMENT_TARGET = 10.15;
				PRODUCT_BUNDLE_IDENTIFIER = br.com.andersonchagas.Presentation;
				PRODUCT_NAME = "$(TARGET_NAME:c99extidentifier)";
				SDKROOT = macosx;
				SKIP_INSTALL = YES;
				SUPPORTED_PLATFORMS = "macosx iphoneos iphonesimulator";
				SWIFT_OPTIMIZATION_LEVEL = "-Onone";
				SWIFT_VERSION = 5.0;
			};
			name = Debug;
		};
		B4FA687D26039CEA00804361 /* Release */ = {
			isa = XCBuildConfiguration;
			buildSettings = {
				CLANG_ENABLE_MODULES = YES;
				CLANG_WARN_QUOTED_INCLUDE_IN_FRAMEWORK_HEADER = YES;
				CODE_SIGN_STYLE = Automatic;
				COMBINE_HIDPI_IMAGES = YES;
				DEFINES_MODULE = YES;
				DEVELOPMENT_TEAM = TA48V9TKT7;
				DYLIB_COMPATIBILITY_VERSION = 1;
				DYLIB_CURRENT_VERSION = 1;
				DYLIB_INSTALL_NAME_BASE = "@rpath";
				INFOPLIST_FILE = Presentation/Info.plist;
				INSTALL_PATH = "$(LOCAL_LIBRARY_DIR)/Frameworks";
				LD_RUNPATH_SEARCH_PATHS = (
					"$(inherited)",
					"@executable_path/../Frameworks",
					"@loader_path/Frameworks",
				);
				MACOSX_DEPLOYMENT_TARGET = 10.15;
				PRODUCT_BUNDLE_IDENTIFIER = br.com.andersonchagas.Presentation;
				PRODUCT_NAME = "$(TARGET_NAME:c99extidentifier)";
				SDKROOT = macosx;
				SKIP_INSTALL = YES;
				SUPPORTED_PLATFORMS = "macosx iphoneos iphonesimulator";
				SWIFT_VERSION = 5.0;
			};
			name = Release;
		};
		B4FA687F26039CEA00804361 /* Debug */ = {
			isa = XCBuildConfiguration;
			buildSettings = {
				ALWAYS_EMBED_SWIFT_STANDARD_LIBRARIES = YES;
				CLANG_WARN_QUOTED_INCLUDE_IN_FRAMEWORK_HEADER = YES;
				CODE_SIGN_STYLE = Automatic;
				COMBINE_HIDPI_IMAGES = YES;
				DEVELOPMENT_TEAM = TA48V9TKT7;
				INFOPLIST_FILE = PresentationTests/Info.plist;
				LD_RUNPATH_SEARCH_PATHS = (
					"$(inherited)",
					"@executable_path/../Frameworks",
					"@loader_path/../Frameworks",
				);
				MACOSX_DEPLOYMENT_TARGET = 10.15;
				PRODUCT_BUNDLE_IDENTIFIER = br.com.andersonchagas.PresentationTests;
				PRODUCT_NAME = "$(TARGET_NAME)";
				SDKROOT = macosx;
				SUPPORTED_PLATFORMS = "macosx iphoneos iphonesimulator";
				SWIFT_VERSION = 5.0;
			};
			name = Debug;
		};
		B4FA688026039CEA00804361 /* Release */ = {
			isa = XCBuildConfiguration;
			buildSettings = {
				ALWAYS_EMBED_SWIFT_STANDARD_LIBRARIES = YES;
				CLANG_WARN_QUOTED_INCLUDE_IN_FRAMEWORK_HEADER = YES;
				CODE_SIGN_STYLE = Automatic;
				COMBINE_HIDPI_IMAGES = YES;
				DEVELOPMENT_TEAM = TA48V9TKT7;
				INFOPLIST_FILE = PresentationTests/Info.plist;
				LD_RUNPATH_SEARCH_PATHS = (
					"$(inherited)",
					"@executable_path/../Frameworks",
					"@loader_path/../Frameworks",
				);
				MACOSX_DEPLOYMENT_TARGET = 10.15;
				PRODUCT_BUNDLE_IDENTIFIER = br.com.andersonchagas.PresentationTests;
				PRODUCT_NAME = "$(TARGET_NAME)";
				SDKROOT = macosx;
				SUPPORTED_PLATFORMS = "macosx iphoneos iphonesimulator";
				SWIFT_VERSION = 5.0;
			};
			name = Release;
		};
		B4FC326C250DECB100C725A8 /* Debug */ = {
			isa = XCBuildConfiguration;
			buildSettings = {
				ALWAYS_SEARCH_USER_PATHS = NO;
				CLANG_ANALYZER_NONNULL = YES;
				CLANG_ANALYZER_NUMBER_OBJECT_CONVERSION = YES_AGGRESSIVE;
				CLANG_CXX_LANGUAGE_STANDARD = "gnu++14";
				CLANG_CXX_LIBRARY = "libc++";
				CLANG_ENABLE_MODULES = YES;
				CLANG_ENABLE_OBJC_ARC = YES;
				CLANG_ENABLE_OBJC_WEAK = YES;
				CLANG_WARN_BLOCK_CAPTURE_AUTORELEASING = YES;
				CLANG_WARN_BOOL_CONVERSION = YES;
				CLANG_WARN_COMMA = YES;
				CLANG_WARN_CONSTANT_CONVERSION = YES;
				CLANG_WARN_DEPRECATED_OBJC_IMPLEMENTATIONS = YES;
				CLANG_WARN_DIRECT_OBJC_ISA_USAGE = YES_ERROR;
				CLANG_WARN_DOCUMENTATION_COMMENTS = YES;
				CLANG_WARN_EMPTY_BODY = YES;
				CLANG_WARN_ENUM_CONVERSION = YES;
				CLANG_WARN_INFINITE_RECURSION = YES;
				CLANG_WARN_INT_CONVERSION = YES;
				CLANG_WARN_NON_LITERAL_NULL_CONVERSION = YES;
				CLANG_WARN_OBJC_IMPLICIT_RETAIN_SELF = YES;
				CLANG_WARN_OBJC_LITERAL_CONVERSION = YES;
				CLANG_WARN_OBJC_ROOT_CLASS = YES_ERROR;
				CLANG_WARN_QUOTED_INCLUDE_IN_FRAMEWORK_HEADER = YES;
				CLANG_WARN_RANGE_LOOP_ANALYSIS = YES;
				CLANG_WARN_STRICT_PROTOTYPES = YES;
				CLANG_WARN_SUSPICIOUS_MOVE = YES;
				CLANG_WARN_UNGUARDED_AVAILABILITY = YES_AGGRESSIVE;
				CLANG_WARN_UNREACHABLE_CODE = YES;
				CLANG_WARN__DUPLICATE_METHOD_MATCH = YES;
				COPY_PHASE_STRIP = NO;
				CURRENT_PROJECT_VERSION = 1;
				DEBUG_INFORMATION_FORMAT = dwarf;
				ENABLE_STRICT_OBJC_MSGSEND = YES;
				ENABLE_TESTABILITY = YES;
				GCC_C_LANGUAGE_STANDARD = gnu11;
				GCC_DYNAMIC_NO_PIC = NO;
				GCC_NO_COMMON_BLOCKS = YES;
				GCC_OPTIMIZATION_LEVEL = 0;
				GCC_PREPROCESSOR_DEFINITIONS = (
					"DEBUG=1",
					"$(inherited)",
				);
				GCC_WARN_64_TO_32_BIT_CONVERSION = YES;
				GCC_WARN_ABOUT_RETURN_TYPE = YES_ERROR;
				GCC_WARN_UNDECLARED_SELECTOR = YES;
				GCC_WARN_UNINITIALIZED_AUTOS = YES_AGGRESSIVE;
				GCC_WARN_UNUSED_FUNCTION = YES;
				GCC_WARN_UNUSED_VARIABLE = YES;
				IPHONEOS_DEPLOYMENT_TARGET = 13.6;
				MTL_ENABLE_DEBUG_INFO = INCLUDE_SOURCE;
				MTL_FAST_MATH = YES;
				ONLY_ACTIVE_ARCH = YES;
				SDKROOT = iphoneos;
				SWIFT_ACTIVE_COMPILATION_CONDITIONS = DEBUG;
				SWIFT_OPTIMIZATION_LEVEL = "-Onone";
				VERSIONING_SYSTEM = "apple-generic";
				VERSION_INFO_PREFIX = "";
			};
			name = Debug;
		};
		B4FC326D250DECB100C725A8 /* Release */ = {
			isa = XCBuildConfiguration;
			buildSettings = {
				ALWAYS_SEARCH_USER_PATHS = NO;
				CLANG_ANALYZER_NONNULL = YES;
				CLANG_ANALYZER_NUMBER_OBJECT_CONVERSION = YES_AGGRESSIVE;
				CLANG_CXX_LANGUAGE_STANDARD = "gnu++14";
				CLANG_CXX_LIBRARY = "libc++";
				CLANG_ENABLE_MODULES = YES;
				CLANG_ENABLE_OBJC_ARC = YES;
				CLANG_ENABLE_OBJC_WEAK = YES;
				CLANG_WARN_BLOCK_CAPTURE_AUTORELEASING = YES;
				CLANG_WARN_BOOL_CONVERSION = YES;
				CLANG_WARN_COMMA = YES;
				CLANG_WARN_CONSTANT_CONVERSION = YES;
				CLANG_WARN_DEPRECATED_OBJC_IMPLEMENTATIONS = YES;
				CLANG_WARN_DIRECT_OBJC_ISA_USAGE = YES_ERROR;
				CLANG_WARN_DOCUMENTATION_COMMENTS = YES;
				CLANG_WARN_EMPTY_BODY = YES;
				CLANG_WARN_ENUM_CONVERSION = YES;
				CLANG_WARN_INFINITE_RECURSION = YES;
				CLANG_WARN_INT_CONVERSION = YES;
				CLANG_WARN_NON_LITERAL_NULL_CONVERSION = YES;
				CLANG_WARN_OBJC_IMPLICIT_RETAIN_SELF = YES;
				CLANG_WARN_OBJC_LITERAL_CONVERSION = YES;
				CLANG_WARN_OBJC_ROOT_CLASS = YES_ERROR;
				CLANG_WARN_QUOTED_INCLUDE_IN_FRAMEWORK_HEADER = YES;
				CLANG_WARN_RANGE_LOOP_ANALYSIS = YES;
				CLANG_WARN_STRICT_PROTOTYPES = YES;
				CLANG_WARN_SUSPICIOUS_MOVE = YES;
				CLANG_WARN_UNGUARDED_AVAILABILITY = YES_AGGRESSIVE;
				CLANG_WARN_UNREACHABLE_CODE = YES;
				CLANG_WARN__DUPLICATE_METHOD_MATCH = YES;
				COPY_PHASE_STRIP = NO;
				CURRENT_PROJECT_VERSION = 1;
				DEBUG_INFORMATION_FORMAT = "dwarf-with-dsym";
				ENABLE_NS_ASSERTIONS = NO;
				ENABLE_STRICT_OBJC_MSGSEND = YES;
				GCC_C_LANGUAGE_STANDARD = gnu11;
				GCC_NO_COMMON_BLOCKS = YES;
				GCC_WARN_64_TO_32_BIT_CONVERSION = YES;
				GCC_WARN_ABOUT_RETURN_TYPE = YES_ERROR;
				GCC_WARN_UNDECLARED_SELECTOR = YES;
				GCC_WARN_UNINITIALIZED_AUTOS = YES_AGGRESSIVE;
				GCC_WARN_UNUSED_FUNCTION = YES;
				GCC_WARN_UNUSED_VARIABLE = YES;
				IPHONEOS_DEPLOYMENT_TARGET = 13.6;
				MTL_ENABLE_DEBUG_INFO = NO;
				MTL_FAST_MATH = YES;
				SDKROOT = iphoneos;
				SWIFT_COMPILATION_MODE = wholemodule;
				SWIFT_OPTIMIZATION_LEVEL = "-O";
				VALIDATE_PRODUCT = YES;
				VERSIONING_SYSTEM = "apple-generic";
				VERSION_INFO_PREFIX = "";
			};
			name = Release;
		};
		B4FC327C250DED0200C725A8 /* Debug */ = {
			isa = XCBuildConfiguration;
			buildSettings = {
				CLANG_ENABLE_MODULES = YES;
				CODE_SIGN_STYLE = Automatic;
				COMBINE_HIDPI_IMAGES = YES;
				DEFINES_MODULE = YES;
				DEVELOPMENT_TEAM = TA48V9TKT7;
				DYLIB_COMPATIBILITY_VERSION = 1;
				DYLIB_CURRENT_VERSION = 1;
				DYLIB_INSTALL_NAME_BASE = "@rpath";
				INFOPLIST_FILE = Domain/Info.plist;
				INSTALL_PATH = "$(LOCAL_LIBRARY_DIR)/Frameworks";
				LD_RUNPATH_SEARCH_PATHS = (
					"$(inherited)",
					"@executable_path/../Frameworks",
					"@loader_path/Frameworks",
				);
				MACOSX_DEPLOYMENT_TARGET = 10.15;
				PRODUCT_BUNDLE_IDENTIFIER = br.com.andersonchagas.Domain;
				PRODUCT_NAME = "$(TARGET_NAME:c99extidentifier)";
				SDKROOT = macosx;
				SKIP_INSTALL = YES;
				SUPPORTED_PLATFORMS = "macosx iphonesimulator iphoneos";
				SWIFT_OPTIMIZATION_LEVEL = "-Onone";
				SWIFT_VERSION = 5.0;
			};
			name = Debug;
		};
		B4FC327D250DED0200C725A8 /* Release */ = {
			isa = XCBuildConfiguration;
			buildSettings = {
				CLANG_ENABLE_MODULES = YES;
				CODE_SIGN_STYLE = Automatic;
				COMBINE_HIDPI_IMAGES = YES;
				DEFINES_MODULE = YES;
				DEVELOPMENT_TEAM = TA48V9TKT7;
				DYLIB_COMPATIBILITY_VERSION = 1;
				DYLIB_CURRENT_VERSION = 1;
				DYLIB_INSTALL_NAME_BASE = "@rpath";
				INFOPLIST_FILE = Domain/Info.plist;
				INSTALL_PATH = "$(LOCAL_LIBRARY_DIR)/Frameworks";
				LD_RUNPATH_SEARCH_PATHS = (
					"$(inherited)",
					"@executable_path/../Frameworks",
					"@loader_path/Frameworks",
				);
				MACOSX_DEPLOYMENT_TARGET = 10.15;
				PRODUCT_BUNDLE_IDENTIFIER = br.com.andersonchagas.Domain;
				PRODUCT_NAME = "$(TARGET_NAME:c99extidentifier)";
				SDKROOT = macosx;
				SKIP_INSTALL = YES;
				SUPPORTED_PLATFORMS = "macosx iphonesimulator iphoneos";
				SWIFT_VERSION = 5.0;
			};
			name = Release;
		};
		B4FC32A8250DF03C00C725A8 /* Debug */ = {
			isa = XCBuildConfiguration;
			buildSettings = {
				CLANG_ENABLE_MODULES = YES;
				CODE_SIGN_IDENTITY = "";
				CODE_SIGN_STYLE = Automatic;
				COMBINE_HIDPI_IMAGES = YES;
				DEFINES_MODULE = YES;
				DEVELOPMENT_TEAM = TA48V9TKT7;
				DYLIB_COMPATIBILITY_VERSION = 1;
				DYLIB_CURRENT_VERSION = 1;
				DYLIB_INSTALL_NAME_BASE = "@rpath";
				INFOPLIST_FILE = Data/Info.plist;
				INSTALL_PATH = "$(LOCAL_LIBRARY_DIR)/Frameworks";
				LD_RUNPATH_SEARCH_PATHS = (
					"$(inherited)",
					"@executable_path/../Frameworks",
					"@loader_path/Frameworks",
				);
				MACOSX_DEPLOYMENT_TARGET = 10.15;
				PRODUCT_BUNDLE_IDENTIFIER = br.com.andersonchagas.Data;
				PRODUCT_NAME = "$(TARGET_NAME:c99extidentifier)";
				SDKROOT = macosx;
				SKIP_INSTALL = YES;
				SUPPORTED_PLATFORMS = "macosx iphonesimulator iphoneos";
				SWIFT_OPTIMIZATION_LEVEL = "-Onone";
				SWIFT_VERSION = 5.0;
			};
			name = Debug;
		};
		B4FC32A9250DF03C00C725A8 /* Release */ = {
			isa = XCBuildConfiguration;
			buildSettings = {
				CLANG_ENABLE_MODULES = YES;
				CODE_SIGN_IDENTITY = "";
				CODE_SIGN_STYLE = Automatic;
				COMBINE_HIDPI_IMAGES = YES;
				DEFINES_MODULE = YES;
				DEVELOPMENT_TEAM = TA48V9TKT7;
				DYLIB_COMPATIBILITY_VERSION = 1;
				DYLIB_CURRENT_VERSION = 1;
				DYLIB_INSTALL_NAME_BASE = "@rpath";
				INFOPLIST_FILE = Data/Info.plist;
				INSTALL_PATH = "$(LOCAL_LIBRARY_DIR)/Frameworks";
				LD_RUNPATH_SEARCH_PATHS = (
					"$(inherited)",
					"@executable_path/../Frameworks",
					"@loader_path/Frameworks",
				);
				MACOSX_DEPLOYMENT_TARGET = 10.15;
				PRODUCT_BUNDLE_IDENTIFIER = br.com.andersonchagas.Data;
				PRODUCT_NAME = "$(TARGET_NAME:c99extidentifier)";
				SDKROOT = macosx;
				SKIP_INSTALL = YES;
				SUPPORTED_PLATFORMS = "macosx iphonesimulator iphoneos";
				SWIFT_VERSION = 5.0;
			};
			name = Release;
		};
		B4FC32AB250DF03C00C725A8 /* Debug */ = {
			isa = XCBuildConfiguration;
			buildSettings = {
				ALWAYS_EMBED_SWIFT_STANDARD_LIBRARIES = YES;
				CODE_SIGN_STYLE = Automatic;
				COMBINE_HIDPI_IMAGES = YES;
				DEVELOPMENT_TEAM = TA48V9TKT7;
				INFOPLIST_FILE = DataTests/Info.plist;
				LD_RUNPATH_SEARCH_PATHS = (
					"$(inherited)",
					"@executable_path/../Frameworks",
					"@loader_path/../Frameworks",
				);
				MACOSX_DEPLOYMENT_TARGET = 10.15;
				PRODUCT_BUNDLE_IDENTIFIER = br.com.andersonchagas.DataTests;
				PRODUCT_NAME = "$(TARGET_NAME)";
				SDKROOT = macosx;
				SUPPORTED_PLATFORMS = "macosx iphoneos iphonesimulator";
				SWIFT_VERSION = 5.0;
			};
			name = Debug;
		};
		B4FC32AC250DF03C00C725A8 /* Release */ = {
			isa = XCBuildConfiguration;
			buildSettings = {
				ALWAYS_EMBED_SWIFT_STANDARD_LIBRARIES = YES;
				CODE_SIGN_STYLE = Automatic;
				COMBINE_HIDPI_IMAGES = YES;
				DEVELOPMENT_TEAM = TA48V9TKT7;
				INFOPLIST_FILE = DataTests/Info.plist;
				LD_RUNPATH_SEARCH_PATHS = (
					"$(inherited)",
					"@executable_path/../Frameworks",
					"@loader_path/../Frameworks",
				);
				MACOSX_DEPLOYMENT_TARGET = 10.15;
				PRODUCT_BUNDLE_IDENTIFIER = br.com.andersonchagas.DataTests;
				PRODUCT_NAME = "$(TARGET_NAME)";
				SDKROOT = macosx;
				SUPPORTED_PLATFORMS = "macosx iphoneos iphonesimulator";
				SWIFT_VERSION = 5.0;
			};
			name = Release;
		};
/* End XCBuildConfiguration section */

/* Begin XCConfigurationList section */
		B40BA19925E4721200EECB06 /* Build configuration list for PBXNativeTarget "UseCasesIntegrationTests" */ = {
			isa = XCConfigurationList;
			buildConfigurations = (
				B40BA19A25E4721200EECB06 /* Debug */,
				B40BA19B25E4721200EECB06 /* Release */,
			);
			defaultConfigurationIsVisible = 0;
			defaultConfigurationName = Release;
		};
		B41ECA9D261B9EAA00348DD3 /* Build configuration list for PBXNativeTarget "UI" */ = {
			isa = XCConfigurationList;
			buildConfigurations = (
				B41ECA9E261B9EAA00348DD3 /* Debug */,
				B41ECA9F261B9EAA00348DD3 /* Release */,
			);
			defaultConfigurationIsVisible = 0;
			defaultConfigurationName = Release;
		};
		B41ECAA0261B9EAA00348DD3 /* Build configuration list for PBXNativeTarget "UITests" */ = {
			isa = XCConfigurationList;
			buildConfigurations = (
				B41ECAA1261B9EAA00348DD3 /* Debug */,
				B41ECAA2261B9EAA00348DD3 /* Release */,
			);
			defaultConfigurationIsVisible = 0;
			defaultConfigurationName = Release;
		};
		B4A5F83925CF2988000087EC /* Build configuration list for PBXNativeTarget "Infra" */ = {
			isa = XCConfigurationList;
			buildConfigurations = (
				B4A5F83A25CF2988000087EC /* Debug */,
				B4A5F83B25CF2988000087EC /* Release */,
			);
			defaultConfigurationIsVisible = 0;
			defaultConfigurationName = Release;
		};
		B4A5F83C25CF2988000087EC /* Build configuration list for PBXNativeTarget "InfraTests" */ = {
			isa = XCConfigurationList;
			buildConfigurations = (
				B4A5F83D25CF2988000087EC /* Debug */,
				B4A5F83E25CF2988000087EC /* Release */,
			);
			defaultConfigurationIsVisible = 0;
			defaultConfigurationName = Release;
		};
		B4FA687B26039CEA00804361 /* Build configuration list for PBXNativeTarget "Presentation" */ = {
			isa = XCConfigurationList;
			buildConfigurations = (
				B4FA687C26039CEA00804361 /* Debug */,
				B4FA687D26039CEA00804361 /* Release */,
			);
			defaultConfigurationIsVisible = 0;
			defaultConfigurationName = Release;
		};
		B4FA687E26039CEA00804361 /* Build configuration list for PBXNativeTarget "PresentationTests" */ = {
			isa = XCConfigurationList;
			buildConfigurations = (
				B4FA687F26039CEA00804361 /* Debug */,
				B4FA688026039CEA00804361 /* Release */,
			);
			defaultConfigurationIsVisible = 0;
			defaultConfigurationName = Release;
		};
		B4FC3260250DECB100C725A8 /* Build configuration list for PBXProject "CleanApp" */ = {
			isa = XCConfigurationList;
			buildConfigurations = (
				B4FC326C250DECB100C725A8 /* Debug */,
				B4FC326D250DECB100C725A8 /* Release */,
			);
			defaultConfigurationIsVisible = 0;
			defaultConfigurationName = Release;
		};
		B4FC327B250DED0200C725A8 /* Build configuration list for PBXNativeTarget "Domain" */ = {
			isa = XCConfigurationList;
			buildConfigurations = (
				B4FC327C250DED0200C725A8 /* Debug */,
				B4FC327D250DED0200C725A8 /* Release */,
			);
			defaultConfigurationIsVisible = 0;
			defaultConfigurationName = Release;
		};
		B4FC32A7250DF03C00C725A8 /* Build configuration list for PBXNativeTarget "Data" */ = {
			isa = XCConfigurationList;
			buildConfigurations = (
				B4FC32A8250DF03C00C725A8 /* Debug */,
				B4FC32A9250DF03C00C725A8 /* Release */,
			);
			defaultConfigurationIsVisible = 0;
			defaultConfigurationName = Release;
		};
		B4FC32AA250DF03C00C725A8 /* Build configuration list for PBXNativeTarget "DataTests" */ = {
			isa = XCConfigurationList;
			buildConfigurations = (
				B4FC32AB250DF03C00C725A8 /* Debug */,
				B4FC32AC250DF03C00C725A8 /* Release */,
			);
			defaultConfigurationIsVisible = 0;
			defaultConfigurationName = Release;
		};
/* End XCConfigurationList section */

/* Begin XCRemoteSwiftPackageReference section */
		B4A5F85225CF2AA6000087EC /* XCRemoteSwiftPackageReference "Alamofire" */ = {
			isa = XCRemoteSwiftPackageReference;
			repositoryURL = "https://github.com/Alamofire/Alamofire.git";
			requirement = {
				kind = upToNextMajorVersion;
				minimumVersion = 5.4.1;
			};
		};
/* End XCRemoteSwiftPackageReference section */

/* Begin XCSwiftPackageProductDependency section */
		B4A5F85325CF2AA6000087EC /* Alamofire */ = {
			isa = XCSwiftPackageProductDependency;
			package = B4A5F85225CF2AA6000087EC /* XCRemoteSwiftPackageReference "Alamofire" */;
			productName = Alamofire;
		};
/* End XCSwiftPackageProductDependency section */
	};
	rootObject = B4FC325D250DECB100C725A8 /* Project object */;
}
